// !$*UTF8*$!
{
	archiveVersion = 1;
	classes = {
	};
	objectVersion = 46;
	objects = {

/* Begin PBXBuildFile section */
		8BC7AF58EFFF8D7E63B296F9 /* libPods-JReaderDemo.a in Frameworks */ = {isa = PBXBuildFile; fileRef = 7A5848C3F4075D2DD0A78B05 /* libPods-JReaderDemo.a */; };
		C424DBB61F5D533C0092370C /* JReaderBaseAnimationViewController.m in Sources */ = {isa = PBXBuildFile; fileRef = C424DBA51F5D533C0092370C /* JReaderBaseAnimationViewController.m */; };
		C424DBB71F5D533C0092370C /* JReaderAnimationViewController.m in Sources */ = {isa = PBXBuildFile; fileRef = C424DBA71F5D533C0092370C /* JReaderAnimationViewController.m */; };
		C424DBB81F5D533C0092370C /* JReaderManager.m in Sources */ = {isa = PBXBuildFile; fileRef = C424DBA91F5D533C0092370C /* JReaderManager.m */; };
		C424DBB91F5D533C0092370C /* JReaderModel.m in Sources */ = {isa = PBXBuildFile; fileRef = C424DBAB1F5D533C0092370C /* JReaderModel.m */; };
		C424DBBA1F5D533C0092370C /* JReaderFormatString.m in Sources */ = {isa = PBXBuildFile; fileRef = C424DBAE1F5D533C0092370C /* JReaderFormatString.m */; };
		C424DBBB1F5D533C0092370C /* JReaderPaging.m in Sources */ = {isa = PBXBuildFile; fileRef = C424DBB01F5D533C0092370C /* JReaderPaging.m */; };
		C424DBBC1F5D533C0092370C /* JReaderView.m in Sources */ = {isa = PBXBuildFile; fileRef = C424DBB31F5D533C0092370C /* JReaderView.m */; };
		C424DBBD1F5D533C0092370C /* JReaderViewController.m in Sources */ = {isa = PBXBuildFile; fileRef = C424DBB51F5D533C0092370C /* JReaderViewController.m */; };
		C429C3771F7130EB0026E639 /* NSObject+JReaderKVO.m in Sources */ = {isa = PBXBuildFile; fileRef = C429C3761F7130EB0026E639 /* NSObject+JReaderKVO.m */; };
		C43F54821F6A92B3008133DD /* JReaderNoneAnimationViewController.m in Sources */ = {isa = PBXBuildFile; fileRef = C43F54811F6A92B3008133DD /* JReaderNoneAnimationViewController.m */; };
		C43FEBE91F73C704008E3629 /* ReaderModel.m in Sources */ = {isa = PBXBuildFile; fileRef = C43FEBE81F73C704008E3629 /* ReaderModel.m */; };
		C43FEBEC1F73C73A008E3629 /* ChapterModel.m in Sources */ = {isa = PBXBuildFile; fileRef = C43FEBEB1F73C73A008E3629 /* ChapterModel.m */; };
		C43FEC031F73C84B008E3629 /* 62447 in Resources */ = {isa = PBXBuildFile; fileRef = C43FEBEE1F73C84B008E3629 /* 62447 */; };
		C43FEC041F73C84B008E3629 /* 62448 in Resources */ = {isa = PBXBuildFile; fileRef = C43FEBEF1F73C84B008E3629 /* 62448 */; };
		C43FEC051F73C84B008E3629 /* 62449 in Resources */ = {isa = PBXBuildFile; fileRef = C43FEBF01F73C84B008E3629 /* 62449 */; };
		C43FEC061F73C84B008E3629 /* 62450 in Resources */ = {isa = PBXBuildFile; fileRef = C43FEBF11F73C84B008E3629 /* 62450 */; };
		C43FEC071F73C84B008E3629 /* 62451 in Resources */ = {isa = PBXBuildFile; fileRef = C43FEBF21F73C84B008E3629 /* 62451 */; };
		C43FEC081F73C84B008E3629 /* 62452 in Resources */ = {isa = PBXBuildFile; fileRef = C43FEBF31F73C84B008E3629 /* 62452 */; };
		C43FEC091F73C84B008E3629 /* 62453 in Resources */ = {isa = PBXBuildFile; fileRef = C43FEBF41F73C84B008E3629 /* 62453 */; };
		C43FEC0A1F73C84B008E3629 /* 62454 in Resources */ = {isa = PBXBuildFile; fileRef = C43FEBF51F73C84B008E3629 /* 62454 */; };
		C43FEC0B1F73C84B008E3629 /* 62455 in Resources */ = {isa = PBXBuildFile; fileRef = C43FEBF61F73C84B008E3629 /* 62455 */; };
		C43FEC0C1F73C84B008E3629 /* 62456 in Resources */ = {isa = PBXBuildFile; fileRef = C43FEBF71F73C84B008E3629 /* 62456 */; };
		C43FEC0D1F73C84B008E3629 /* 62457 in Resources */ = {isa = PBXBuildFile; fileRef = C43FEBF81F73C84B008E3629 /* 62457 */; };
		C43FEC0E1F73C84B008E3629 /* 62458 in Resources */ = {isa = PBXBuildFile; fileRef = C43FEBF91F73C84B008E3629 /* 62458 */; };
		C43FEC0F1F73C84B008E3629 /* 62459 in Resources */ = {isa = PBXBuildFile; fileRef = C43FEBFA1F73C84B008E3629 /* 62459 */; };
		C43FEC101F73C84B008E3629 /* 62460 in Resources */ = {isa = PBXBuildFile; fileRef = C43FEBFB1F73C84B008E3629 /* 62460 */; };
		C43FEC111F73C84B008E3629 /* 62461 in Resources */ = {isa = PBXBuildFile; fileRef = C43FEBFC1F73C84B008E3629 /* 62461 */; };
		C43FEC121F73C84B008E3629 /* 62462 in Resources */ = {isa = PBXBuildFile; fileRef = C43FEBFD1F73C84B008E3629 /* 62462 */; };
		C43FEC131F73C84B008E3629 /* 62463 in Resources */ = {isa = PBXBuildFile; fileRef = C43FEBFE1F73C84B008E3629 /* 62463 */; };
		C43FEC141F73C84B008E3629 /* 62464 in Resources */ = {isa = PBXBuildFile; fileRef = C43FEBFF1F73C84B008E3629 /* 62464 */; };
		C43FEC151F73C84B008E3629 /* 62465 in Resources */ = {isa = PBXBuildFile; fileRef = C43FEC001F73C84B008E3629 /* 62465 */; };
		C43FEC161F73C84B008E3629 /* 62466 in Resources */ = {isa = PBXBuildFile; fileRef = C43FEC011F73C84B008E3629 /* 62466 */; };
		C43FEC1D1F73CE3C008E3629 /* ReaderModel in Resources */ = {isa = PBXBuildFile; fileRef = C43FEC1C1F73CE3C008E3629 /* ReaderModel */; };
		C46F5E6F1F6B7BC700746BAA /* JReaderCoverAnimationViewController.m in Sources */ = {isa = PBXBuildFile; fileRef = C46F5E6E1F6B7BC700746BAA /* JReaderCoverAnimationViewController.m */; };
		C46F5E721F6BAFD800746BAA /* JReaderScrollAnimationViewController.m in Sources */ = {isa = PBXBuildFile; fileRef = C46F5E711F6BAFD800746BAA /* JReaderScrollAnimationViewController.m */; };
		C46F5E751F6BB44900746BAA /* JReaderCurlAnimationViewController.m in Sources */ = {isa = PBXBuildFile; fileRef = C46F5E741F6BB44900746BAA /* JReaderCurlAnimationViewController.m */; };
		C46F5E781F6BBA6A00746BAA /* JReaderBackViewController.m in Sources */ = {isa = PBXBuildFile; fileRef = C46F5E771F6BBA6A00746BAA /* JReaderBackViewController.m */; };
		C47693201F6FB87800D5867A /* jReaderPageHeaderView.m in Sources */ = {isa = PBXBuildFile; fileRef = C476931F1F6FB87800D5867A /* jReaderPageHeaderView.m */; };
		C47693231F6FB88400D5867A /* jReaderPageFooterView.m in Sources */ = {isa = PBXBuildFile; fileRef = C47693221F6FB88400D5867A /* jReaderPageFooterView.m */; };
		C47693251F6FC02100D5867A /* battery.png in Resources */ = {isa = PBXBuildFile; fileRef = C47693241F6FC02100D5867A /* battery.png */; };
		C476932C1F6FD2F500D5867A /* ReaderViewController.m in Sources */ = {isa = PBXBuildFile; fileRef = C47693291F6FD2F500D5867A /* ReaderViewController.m */; };
		C476932F1F6FD31F00D5867A /* TopMenuView.m in Sources */ = {isa = PBXBuildFile; fileRef = C476932E1F6FD31F00D5867A /* TopMenuView.m */; };
		C47693321F6FDB7000D5867A /* BottomMenuView.m in Sources */ = {isa = PBXBuildFile; fileRef = C47693311F6FDB7000D5867A /* BottomMenuView.m */; };
		C47CBB7A1F7B407500CCFC4E /* MarkModel.m in Sources */ = {isa = PBXBuildFile; fileRef = C47CBB791F7B407500CCFC4E /* MarkModel.m */; };
		C47CBB7D1F7B4CB400CCFC4E /* MarkTableViewCell.m in Sources */ = {isa = PBXBuildFile; fileRef = C47CBB7C1F7B4CB400CCFC4E /* MarkTableViewCell.m */; };
		C4B61A4E1F7A50E200793CA4 /* ReaderDirectoryViewController.m in Sources */ = {isa = PBXBuildFile; fileRef = C4B61A4D1F7A50E200793CA4 /* ReaderDirectoryViewController.m */; };
		C4BA6E8E1F3015C20064D06D /* main.m in Sources */ = {isa = PBXBuildFile; fileRef = C4BA6E8D1F3015C20064D06D /* main.m */; };
		C4BA6E911F3015C20064D06D /* AppDelegate.m in Sources */ = {isa = PBXBuildFile; fileRef = C4BA6E901F3015C20064D06D /* AppDelegate.m */; };
		C4BA6E941F3015C20064D06D /* ViewController.m in Sources */ = {isa = PBXBuildFile; fileRef = C4BA6E931F3015C20064D06D /* ViewController.m */; };
		C4BA6E991F3015C20064D06D /* Assets.xcassets in Resources */ = {isa = PBXBuildFile; fileRef = C4BA6E981F3015C20064D06D /* Assets.xcassets */; };
		C4BA6E9C1F3015C20064D06D /* LaunchScreen.storyboard in Resources */ = {isa = PBXBuildFile; fileRef = C4BA6E9A1F3015C20064D06D /* LaunchScreen.storyboard */; };
		C4BA6EA71F3015C20064D06D /* JReaderDemoTests.m in Sources */ = {isa = PBXBuildFile; fileRef = C4BA6EA61F3015C20064D06D /* JReaderDemoTests.m */; };
		C4BA6EB21F3015C20064D06D /* JReaderDemoUITests.m in Sources */ = {isa = PBXBuildFile; fileRef = C4BA6EB11F3015C20064D06D /* JReaderDemoUITests.m */; };
		C4BB419E1F5930860052F10C /* UITableView+WDAutoLayout.m in Sources */ = {isa = PBXBuildFile; fileRef = C4BB41961F5930860052F10C /* UITableView+WDAutoLayout.m */; };
		C4BB419F1F5930860052F10C /* UIView+WDAutoLayout.m in Sources */ = {isa = PBXBuildFile; fileRef = C4BB41981F5930860052F10C /* UIView+WDAutoLayout.m */; };
		C4BB41A01F5930860052F10C /* WDLayoutConstraint.m in Sources */ = {isa = PBXBuildFile; fileRef = C4BB419B1F5930860052F10C /* WDLayoutConstraint.m */; };
		C4BB41A11F5930860052F10C /* WDViewLayout.m in Sources */ = {isa = PBXBuildFile; fileRef = C4BB419D1F5930860052F10C /* WDViewLayout.m */; };
		C4BB41AE1F597A620052F10C /* text in Resources */ = {isa = PBXBuildFile; fileRef = C4BB41AD1F597A620052F10C /* text */; };
		C4CF92C01F78AA2F00AA141C /* SetMenuView.m in Sources */ = {isa = PBXBuildFile; fileRef = C4CF92BF1F78AA2F00AA141C /* SetMenuView.m */; };
/* End PBXBuildFile section */

/* Begin PBXContainerItemProxy section */
		C4BA6EA31F3015C20064D06D /* PBXContainerItemProxy */ = {
			isa = PBXContainerItemProxy;
			containerPortal = C4BA6E811F3015C20064D06D /* Project object */;
			proxyType = 1;
			remoteGlobalIDString = C4BA6E881F3015C20064D06D;
			remoteInfo = JReaderDemo;
		};
		C4BA6EAE1F3015C20064D06D /* PBXContainerItemProxy */ = {
			isa = PBXContainerItemProxy;
			containerPortal = C4BA6E811F3015C20064D06D /* Project object */;
			proxyType = 1;
			remoteGlobalIDString = C4BA6E881F3015C20064D06D;
			remoteInfo = JReaderDemo;
		};
/* End PBXContainerItemProxy section */

/* Begin PBXFileReference section */
		7A5848C3F4075D2DD0A78B05 /* libPods-JReaderDemo.a */ = {isa = PBXFileReference; explicitFileType = archive.ar; includeInIndex = 0; path = "libPods-JReaderDemo.a"; sourceTree = BUILT_PRODUCTS_DIR; };
		7EEA8C484C021C3E53A233CA /* Pods-JReaderDemo.release.xcconfig */ = {isa = PBXFileReference; includeInIndex = 1; lastKnownFileType = text.xcconfig; name = "Pods-JReaderDemo.release.xcconfig"; path = "Pods/Target Support Files/Pods-JReaderDemo/Pods-JReaderDemo.release.xcconfig"; sourceTree = "<group>"; };
		C424DBA41F5D533C0092370C /* JReaderBaseAnimationViewController.h */ = {isa = PBXFileReference; fileEncoding = 4; lastKnownFileType = sourcecode.c.h; path = JReaderBaseAnimationViewController.h; sourceTree = "<group>"; };
		C424DBA51F5D533C0092370C /* JReaderBaseAnimationViewController.m */ = {isa = PBXFileReference; fileEncoding = 4; lastKnownFileType = sourcecode.c.objc; path = JReaderBaseAnimationViewController.m; sourceTree = "<group>"; };
		C424DBA61F5D533C0092370C /* JReaderAnimationViewController.h */ = {isa = PBXFileReference; fileEncoding = 4; lastKnownFileType = sourcecode.c.h; path = JReaderAnimationViewController.h; sourceTree = "<group>"; };
		C424DBA71F5D533C0092370C /* JReaderAnimationViewController.m */ = {isa = PBXFileReference; fileEncoding = 4; lastKnownFileType = sourcecode.c.objc; path = JReaderAnimationViewController.m; sourceTree = "<group>"; };
		C424DBA81F5D533C0092370C /* JReaderManager.h */ = {isa = PBXFileReference; fileEncoding = 4; lastKnownFileType = sourcecode.c.h; path = JReaderManager.h; sourceTree = "<group>"; };
		C424DBA91F5D533C0092370C /* JReaderManager.m */ = {isa = PBXFileReference; fileEncoding = 4; lastKnownFileType = sourcecode.c.objc; path = JReaderManager.m; sourceTree = "<group>"; };
		C424DBAA1F5D533C0092370C /* JReaderModel.h */ = {isa = PBXFileReference; fileEncoding = 4; lastKnownFileType = sourcecode.c.h; path = JReaderModel.h; sourceTree = "<group>"; };
		C424DBAB1F5D533C0092370C /* JReaderModel.m */ = {isa = PBXFileReference; fileEncoding = 4; lastKnownFileType = sourcecode.c.objc; path = JReaderModel.m; sourceTree = "<group>"; };
		C424DBAD1F5D533C0092370C /* JReaderFormatString.h */ = {isa = PBXFileReference; fileEncoding = 4; lastKnownFileType = sourcecode.c.h; path = JReaderFormatString.h; sourceTree = "<group>"; };
		C424DBAE1F5D533C0092370C /* JReaderFormatString.m */ = {isa = PBXFileReference; fileEncoding = 4; lastKnownFileType = sourcecode.c.objc; path = JReaderFormatString.m; sourceTree = "<group>"; };
		C424DBAF1F5D533C0092370C /* JReaderPaging.h */ = {isa = PBXFileReference; fileEncoding = 4; lastKnownFileType = sourcecode.c.h; path = JReaderPaging.h; sourceTree = "<group>"; };
		C424DBB01F5D533C0092370C /* JReaderPaging.m */ = {isa = PBXFileReference; fileEncoding = 4; lastKnownFileType = sourcecode.c.objc; path = JReaderPaging.m; sourceTree = "<group>"; };
		C424DBB21F5D533C0092370C /* JReaderView.h */ = {isa = PBXFileReference; fileEncoding = 4; lastKnownFileType = sourcecode.c.h; path = JReaderView.h; sourceTree = "<group>"; };
		C424DBB31F5D533C0092370C /* JReaderView.m */ = {isa = PBXFileReference; fileEncoding = 4; lastKnownFileType = sourcecode.c.objc; path = JReaderView.m; sourceTree = "<group>"; };
		C424DBB41F5D533C0092370C /* JReaderViewController.h */ = {isa = PBXFileReference; fileEncoding = 4; lastKnownFileType = sourcecode.c.h; path = JReaderViewController.h; sourceTree = "<group>"; };
		C424DBB51F5D533C0092370C /* JReaderViewController.m */ = {isa = PBXFileReference; fileEncoding = 4; lastKnownFileType = sourcecode.c.objc; path = JReaderViewController.m; sourceTree = "<group>"; };
		C429C3751F7130EB0026E639 /* NSObject+JReaderKVO.h */ = {isa = PBXFileReference; fileEncoding = 4; lastKnownFileType = sourcecode.c.h; path = "NSObject+JReaderKVO.h"; sourceTree = "<group>"; };
		C429C3761F7130EB0026E639 /* NSObject+JReaderKVO.m */ = {isa = PBXFileReference; fileEncoding = 4; lastKnownFileType = sourcecode.c.objc; path = "NSObject+JReaderKVO.m"; sourceTree = "<group>"; };
		C43F54801F6A92B3008133DD /* JReaderNoneAnimationViewController.h */ = {isa = PBXFileReference; fileEncoding = 4; lastKnownFileType = sourcecode.c.h; path = JReaderNoneAnimationViewController.h; sourceTree = "<group>"; };
		C43F54811F6A92B3008133DD /* JReaderNoneAnimationViewController.m */ = {isa = PBXFileReference; fileEncoding = 4; lastKnownFileType = sourcecode.c.objc; path = JReaderNoneAnimationViewController.m; sourceTree = "<group>"; };
		C43FEBE71F73C704008E3629 /* ReaderModel.h */ = {isa = PBXFileReference; fileEncoding = 4; lastKnownFileType = sourcecode.c.h; path = ReaderModel.h; sourceTree = "<group>"; };
		C43FEBE81F73C704008E3629 /* ReaderModel.m */ = {isa = PBXFileReference; fileEncoding = 4; lastKnownFileType = sourcecode.c.objc; path = ReaderModel.m; sourceTree = "<group>"; };
		C43FEBEA1F73C73A008E3629 /* ChapterModel.h */ = {isa = PBXFileReference; fileEncoding = 4; lastKnownFileType = sourcecode.c.h; path = ChapterModel.h; sourceTree = "<group>"; };
		C43FEBEB1F73C73A008E3629 /* ChapterModel.m */ = {isa = PBXFileReference; fileEncoding = 4; lastKnownFileType = sourcecode.c.objc; path = ChapterModel.m; sourceTree = "<group>"; };
		C43FEBEE1F73C84B008E3629 /* 62447 */ = {isa = PBXFileReference; fileEncoding = 4; lastKnownFileType = text; path = 62447; sourceTree = "<group>"; };
		C43FEBEF1F73C84B008E3629 /* 62448 */ = {isa = PBXFileReference; fileEncoding = 4; lastKnownFileType = text; path = 62448; sourceTree = "<group>"; };
		C43FEBF01F73C84B008E3629 /* 62449 */ = {isa = PBXFileReference; fileEncoding = 4; lastKnownFileType = text; path = 62449; sourceTree = "<group>"; };
		C43FEBF11F73C84B008E3629 /* 62450 */ = {isa = PBXFileReference; fileEncoding = 4; lastKnownFileType = text; path = 62450; sourceTree = "<group>"; };
		C43FEBF21F73C84B008E3629 /* 62451 */ = {isa = PBXFileReference; fileEncoding = 4; lastKnownFileType = text; path = 62451; sourceTree = "<group>"; };
		C43FEBF31F73C84B008E3629 /* 62452 */ = {isa = PBXFileReference; fileEncoding = 4; lastKnownFileType = text; path = 62452; sourceTree = "<group>"; };
		C43FEBF41F73C84B008E3629 /* 62453 */ = {isa = PBXFileReference; fileEncoding = 4; lastKnownFileType = text; path = 62453; sourceTree = "<group>"; };
		C43FEBF51F73C84B008E3629 /* 62454 */ = {isa = PBXFileReference; fileEncoding = 4; lastKnownFileType = text; path = 62454; sourceTree = "<group>"; };
		C43FEBF61F73C84B008E3629 /* 62455 */ = {isa = PBXFileReference; fileEncoding = 4; lastKnownFileType = text; path = 62455; sourceTree = "<group>"; };
		C43FEBF71F73C84B008E3629 /* 62456 */ = {isa = PBXFileReference; fileEncoding = 4; lastKnownFileType = text; path = 62456; sourceTree = "<group>"; };
		C43FEBF81F73C84B008E3629 /* 62457 */ = {isa = PBXFileReference; fileEncoding = 4; lastKnownFileType = text; path = 62457; sourceTree = "<group>"; };
		C43FEBF91F73C84B008E3629 /* 62458 */ = {isa = PBXFileReference; fileEncoding = 4; lastKnownFileType = text; path = 62458; sourceTree = "<group>"; };
		C43FEBFA1F73C84B008E3629 /* 62459 */ = {isa = PBXFileReference; fileEncoding = 4; lastKnownFileType = text; path = 62459; sourceTree = "<group>"; };
		C43FEBFB1F73C84B008E3629 /* 62460 */ = {isa = PBXFileReference; fileEncoding = 4; lastKnownFileType = text; path = 62460; sourceTree = "<group>"; };
		C43FEBFC1F73C84B008E3629 /* 62461 */ = {isa = PBXFileReference; fileEncoding = 4; lastKnownFileType = text; path = 62461; sourceTree = "<group>"; };
		C43FEBFD1F73C84B008E3629 /* 62462 */ = {isa = PBXFileReference; fileEncoding = 4; lastKnownFileType = text; path = 62462; sourceTree = "<group>"; };
		C43FEBFE1F73C84B008E3629 /* 62463 */ = {isa = PBXFileReference; fileEncoding = 4; lastKnownFileType = text; path = 62463; sourceTree = "<group>"; };
		C43FEBFF1F73C84B008E3629 /* 62464 */ = {isa = PBXFileReference; fileEncoding = 4; lastKnownFileType = text; path = 62464; sourceTree = "<group>"; };
		C43FEC001F73C84B008E3629 /* 62465 */ = {isa = PBXFileReference; fileEncoding = 4; lastKnownFileType = text; path = 62465; sourceTree = "<group>"; };
		C43FEC011F73C84B008E3629 /* 62466 */ = {isa = PBXFileReference; fileEncoding = 4; lastKnownFileType = text; path = 62466; sourceTree = "<group>"; };
		C43FEC1C1F73CE3C008E3629 /* ReaderModel */ = {isa = PBXFileReference; lastKnownFileType = file.bplist; path = ReaderModel; sourceTree = "<group>"; };
		C46F5E6D1F6B7BC700746BAA /* JReaderCoverAnimationViewController.h */ = {isa = PBXFileReference; fileEncoding = 4; lastKnownFileType = sourcecode.c.h; path = JReaderCoverAnimationViewController.h; sourceTree = "<group>"; };
		C46F5E6E1F6B7BC700746BAA /* JReaderCoverAnimationViewController.m */ = {isa = PBXFileReference; fileEncoding = 4; lastKnownFileType = sourcecode.c.objc; path = JReaderCoverAnimationViewController.m; sourceTree = "<group>"; };
		C46F5E701F6BAFD800746BAA /* JReaderScrollAnimationViewController.h */ = {isa = PBXFileReference; fileEncoding = 4; lastKnownFileType = sourcecode.c.h; path = JReaderScrollAnimationViewController.h; sourceTree = "<group>"; };
		C46F5E711F6BAFD800746BAA /* JReaderScrollAnimationViewController.m */ = {isa = PBXFileReference; fileEncoding = 4; lastKnownFileType = sourcecode.c.objc; path = JReaderScrollAnimationViewController.m; sourceTree = "<group>"; };
		C46F5E731F6BB44900746BAA /* JReaderCurlAnimationViewController.h */ = {isa = PBXFileReference; fileEncoding = 4; lastKnownFileType = sourcecode.c.h; path = JReaderCurlAnimationViewController.h; sourceTree = "<group>"; };
		C46F5E741F6BB44900746BAA /* JReaderCurlAnimationViewController.m */ = {isa = PBXFileReference; fileEncoding = 4; lastKnownFileType = sourcecode.c.objc; path = JReaderCurlAnimationViewController.m; sourceTree = "<group>"; };
		C46F5E761F6BBA6A00746BAA /* JReaderBackViewController.h */ = {isa = PBXFileReference; fileEncoding = 4; lastKnownFileType = sourcecode.c.h; path = JReaderBackViewController.h; sourceTree = "<group>"; };
		C46F5E771F6BBA6A00746BAA /* JReaderBackViewController.m */ = {isa = PBXFileReference; fileEncoding = 4; lastKnownFileType = sourcecode.c.objc; path = JReaderBackViewController.m; sourceTree = "<group>"; };
		C476931E1F6FB87800D5867A /* jReaderPageHeaderView.h */ = {isa = PBXFileReference; fileEncoding = 4; lastKnownFileType = sourcecode.c.h; path = jReaderPageHeaderView.h; sourceTree = "<group>"; };
		C476931F1F6FB87800D5867A /* jReaderPageHeaderView.m */ = {isa = PBXFileReference; fileEncoding = 4; lastKnownFileType = sourcecode.c.objc; path = jReaderPageHeaderView.m; sourceTree = "<group>"; };
		C47693211F6FB88400D5867A /* jReaderPageFooterView.h */ = {isa = PBXFileReference; fileEncoding = 4; lastKnownFileType = sourcecode.c.h; path = jReaderPageFooterView.h; sourceTree = "<group>"; };
		C47693221F6FB88400D5867A /* jReaderPageFooterView.m */ = {isa = PBXFileReference; fileEncoding = 4; lastKnownFileType = sourcecode.c.objc; path = jReaderPageFooterView.m; sourceTree = "<group>"; };
		C47693241F6FC02100D5867A /* battery.png */ = {isa = PBXFileReference; lastKnownFileType = image.png; path = battery.png; sourceTree = "<group>"; };
		C47693281F6FD2F500D5867A /* ReaderViewController.h */ = {isa = PBXFileReference; fileEncoding = 4; lastKnownFileType = sourcecode.c.h; path = ReaderViewController.h; sourceTree = "<group>"; };
		C47693291F6FD2F500D5867A /* ReaderViewController.m */ = {isa = PBXFileReference; fileEncoding = 4; lastKnownFileType = sourcecode.c.objc; path = ReaderViewController.m; sourceTree = "<group>"; };
		C476932D1F6FD31F00D5867A /* TopMenuView.h */ = {isa = PBXFileReference; fileEncoding = 4; lastKnownFileType = sourcecode.c.h; path = TopMenuView.h; sourceTree = "<group>"; };
		C476932E1F6FD31F00D5867A /* TopMenuView.m */ = {isa = PBXFileReference; fileEncoding = 4; lastKnownFileType = sourcecode.c.objc; path = TopMenuView.m; sourceTree = "<group>"; };
		C47693301F6FDB7000D5867A /* BottomMenuView.h */ = {isa = PBXFileReference; fileEncoding = 4; lastKnownFileType = sourcecode.c.h; path = BottomMenuView.h; sourceTree = "<group>"; };
		C47693311F6FDB7000D5867A /* BottomMenuView.m */ = {isa = PBXFileReference; fileEncoding = 4; lastKnownFileType = sourcecode.c.objc; path = BottomMenuView.m; sourceTree = "<group>"; };
		C47CBB781F7B407500CCFC4E /* MarkModel.h */ = {isa = PBXFileReference; lastKnownFileType = sourcecode.c.h; path = MarkModel.h; sourceTree = "<group>"; };
		C47CBB791F7B407500CCFC4E /* MarkModel.m */ = {isa = PBXFileReference; lastKnownFileType = sourcecode.c.objc; path = MarkModel.m; sourceTree = "<group>"; };
		C47CBB7B1F7B4CB400CCFC4E /* MarkTableViewCell.h */ = {isa = PBXFileReference; lastKnownFileType = sourcecode.c.h; path = MarkTableViewCell.h; sourceTree = "<group>"; };
		C47CBB7C1F7B4CB400CCFC4E /* MarkTableViewCell.m */ = {isa = PBXFileReference; lastKnownFileType = sourcecode.c.objc; path = MarkTableViewCell.m; sourceTree = "<group>"; };
		C4B61A4C1F7A50E200793CA4 /* ReaderDirectoryViewController.h */ = {isa = PBXFileReference; lastKnownFileType = sourcecode.c.h; path = ReaderDirectoryViewController.h; sourceTree = "<group>"; };
		C4B61A4D1F7A50E200793CA4 /* ReaderDirectoryViewController.m */ = {isa = PBXFileReference; lastKnownFileType = sourcecode.c.objc; path = ReaderDirectoryViewController.m; sourceTree = "<group>"; };
		C4BA6E891F3015C20064D06D /* JReaderDemo.app */ = {isa = PBXFileReference; explicitFileType = wrapper.application; includeInIndex = 0; path = JReaderDemo.app; sourceTree = BUILT_PRODUCTS_DIR; };
		C4BA6E8D1F3015C20064D06D /* main.m */ = {isa = PBXFileReference; lastKnownFileType = sourcecode.c.objc; path = main.m; sourceTree = "<group>"; };
		C4BA6E8F1F3015C20064D06D /* AppDelegate.h */ = {isa = PBXFileReference; lastKnownFileType = sourcecode.c.h; path = AppDelegate.h; sourceTree = "<group>"; };
		C4BA6E901F3015C20064D06D /* AppDelegate.m */ = {isa = PBXFileReference; lastKnownFileType = sourcecode.c.objc; path = AppDelegate.m; sourceTree = "<group>"; };
		C4BA6E921F3015C20064D06D /* ViewController.h */ = {isa = PBXFileReference; lastKnownFileType = sourcecode.c.h; path = ViewController.h; sourceTree = "<group>"; };
		C4BA6E931F3015C20064D06D /* ViewController.m */ = {isa = PBXFileReference; lastKnownFileType = sourcecode.c.objc; path = ViewController.m; sourceTree = "<group>"; };
		C4BA6E981F3015C20064D06D /* Assets.xcassets */ = {isa = PBXFileReference; lastKnownFileType = folder.assetcatalog; path = Assets.xcassets; sourceTree = "<group>"; };
		C4BA6E9B1F3015C20064D06D /* Base */ = {isa = PBXFileReference; lastKnownFileType = file.storyboard; name = Base; path = Base.lproj/LaunchScreen.storyboard; sourceTree = "<group>"; };
		C4BA6E9D1F3015C20064D06D /* Info.plist */ = {isa = PBXFileReference; lastKnownFileType = text.plist.xml; path = Info.plist; sourceTree = "<group>"; };
		C4BA6EA21F3015C20064D06D /* JReaderDemoTests.xctest */ = {isa = PBXFileReference; explicitFileType = wrapper.cfbundle; includeInIndex = 0; path = JReaderDemoTests.xctest; sourceTree = BUILT_PRODUCTS_DIR; };
		C4BA6EA61F3015C20064D06D /* JReaderDemoTests.m */ = {isa = PBXFileReference; lastKnownFileType = sourcecode.c.objc; path = JReaderDemoTests.m; sourceTree = "<group>"; };
		C4BA6EA81F3015C20064D06D /* Info.plist */ = {isa = PBXFileReference; lastKnownFileType = text.plist.xml; path = Info.plist; sourceTree = "<group>"; };
		C4BA6EAD1F3015C20064D06D /* JReaderDemoUITests.xctest */ = {isa = PBXFileReference; explicitFileType = wrapper.cfbundle; includeInIndex = 0; path = JReaderDemoUITests.xctest; sourceTree = BUILT_PRODUCTS_DIR; };
		C4BA6EB11F3015C20064D06D /* JReaderDemoUITests.m */ = {isa = PBXFileReference; lastKnownFileType = sourcecode.c.objc; path = JReaderDemoUITests.m; sourceTree = "<group>"; };
		C4BA6EB31F3015C20064D06D /* Info.plist */ = {isa = PBXFileReference; lastKnownFileType = text.plist.xml; path = Info.plist; sourceTree = "<group>"; };
		C4BB41951F5930860052F10C /* UITableView+WDAutoLayout.h */ = {isa = PBXFileReference; fileEncoding = 4; lastKnownFileType = sourcecode.c.h; path = "UITableView+WDAutoLayout.h"; sourceTree = "<group>"; };
		C4BB41961F5930860052F10C /* UITableView+WDAutoLayout.m */ = {isa = PBXFileReference; fileEncoding = 4; lastKnownFileType = sourcecode.c.objc; path = "UITableView+WDAutoLayout.m"; sourceTree = "<group>"; };
		C4BB41971F5930860052F10C /* UIView+WDAutoLayout.h */ = {isa = PBXFileReference; fileEncoding = 4; lastKnownFileType = sourcecode.c.h; path = "UIView+WDAutoLayout.h"; sourceTree = "<group>"; };
		C4BB41981F5930860052F10C /* UIView+WDAutoLayout.m */ = {isa = PBXFileReference; fileEncoding = 4; lastKnownFileType = sourcecode.c.objc; path = "UIView+WDAutoLayout.m"; sourceTree = "<group>"; };
		C4BB41991F5930860052F10C /* WDAutoLayout.h */ = {isa = PBXFileReference; fileEncoding = 4; lastKnownFileType = sourcecode.c.h; path = WDAutoLayout.h; sourceTree = "<group>"; };
		C4BB419A1F5930860052F10C /* WDLayoutConstraint.h */ = {isa = PBXFileReference; fileEncoding = 4; lastKnownFileType = sourcecode.c.h; path = WDLayoutConstraint.h; sourceTree = "<group>"; };
		C4BB419B1F5930860052F10C /* WDLayoutConstraint.m */ = {isa = PBXFileReference; fileEncoding = 4; lastKnownFileType = sourcecode.c.objc; path = WDLayoutConstraint.m; sourceTree = "<group>"; };
		C4BB419C1F5930860052F10C /* WDViewLayout.h */ = {isa = PBXFileReference; fileEncoding = 4; lastKnownFileType = sourcecode.c.h; path = WDViewLayout.h; sourceTree = "<group>"; };
		C4BB419D1F5930860052F10C /* WDViewLayout.m */ = {isa = PBXFileReference; fileEncoding = 4; lastKnownFileType = sourcecode.c.objc; path = WDViewLayout.m; sourceTree = "<group>"; };
		C4BB41A21F5930C80052F10C /* PrefixHeader.pch */ = {isa = PBXFileReference; lastKnownFileType = sourcecode.c.h; path = PrefixHeader.pch; sourceTree = "<group>"; };
		C4BB41AD1F597A620052F10C /* text */ = {isa = PBXFileReference; fileEncoding = 4; lastKnownFileType = text; path = text; sourceTree = "<group>"; };
		C4CF92BE1F78AA2F00AA141C /* SetMenuView.h */ = {isa = PBXFileReference; lastKnownFileType = sourcecode.c.h; path = SetMenuView.h; sourceTree = "<group>"; };
		C4CF92BF1F78AA2F00AA141C /* SetMenuView.m */ = {isa = PBXFileReference; lastKnownFileType = sourcecode.c.objc; path = SetMenuView.m; sourceTree = "<group>"; };
		D575E0BDF0ADA5EDF35A5F4C /* Pods-JReaderDemo.debug.xcconfig */ = {isa = PBXFileReference; includeInIndex = 1; lastKnownFileType = text.xcconfig; name = "Pods-JReaderDemo.debug.xcconfig"; path = "Pods/Target Support Files/Pods-JReaderDemo/Pods-JReaderDemo.debug.xcconfig"; sourceTree = "<group>"; };
/* End PBXFileReference section */

/* Begin PBXFrameworksBuildPhase section */
		C4BA6E861F3015C20064D06D /* Frameworks */ = {
			isa = PBXFrameworksBuildPhase;
			buildActionMask = 2147483647;
			files = (
				8BC7AF58EFFF8D7E63B296F9 /* libPods-JReaderDemo.a in Frameworks */,
			);
			runOnlyForDeploymentPostprocessing = 0;
		};
		C4BA6E9F1F3015C20064D06D /* Frameworks */ = {
			isa = PBXFrameworksBuildPhase;
			buildActionMask = 2147483647;
			files = (
			);
			runOnlyForDeploymentPostprocessing = 0;
		};
		C4BA6EAA1F3015C20064D06D /* Frameworks */ = {
			isa = PBXFrameworksBuildPhase;
			buildActionMask = 2147483647;
			files = (
			);
			runOnlyForDeploymentPostprocessing = 0;
		};
/* End PBXFrameworksBuildPhase section */

/* Begin PBXGroup section */
		57B212DF01EC6E699E933F4C /* Frameworks */ = {
			isa = PBXGroup;
			children = (
				7A5848C3F4075D2DD0A78B05 /* libPods-JReaderDemo.a */,
			);
			name = Frameworks;
			sourceTree = "<group>";
		};
		65EAE1FFE4F8FC4BFC56CA82 /* Pods */ = {
			isa = PBXGroup;
			children = (
				D575E0BDF0ADA5EDF35A5F4C /* Pods-JReaderDemo.debug.xcconfig */,
				7EEA8C484C021C3E53A233CA /* Pods-JReaderDemo.release.xcconfig */,
			);
			name = Pods;
			sourceTree = "<group>";
		};
		C424DBA21F5D533C0092370C /* JReader */ = {
			isa = PBXGroup;
			children = (
				C424DBAA1F5D533C0092370C /* JReaderModel.h */,
				C424DBAB1F5D533C0092370C /* JReaderModel.m */,
				C424DBA81F5D533C0092370C /* JReaderManager.h */,
				C424DBA91F5D533C0092370C /* JReaderManager.m */,
				C424DBA61F5D533C0092370C /* JReaderAnimationViewController.h */,
				C424DBA71F5D533C0092370C /* JReaderAnimationViewController.m */,
				C424DBA31F5D533C0092370C /* AnimationViewController */,
				C424DBAC1F5D533C0092370C /* JReaderTools */,
				C424DBB11F5D533C0092370C /* JReaderView */,
			);
			path = JReader;
			sourceTree = "<group>";
		};
		C424DBA31F5D533C0092370C /* AnimationViewController */ = {
			isa = PBXGroup;
			children = (
				C424DBA41F5D533C0092370C /* JReaderBaseAnimationViewController.h */,
				C424DBA51F5D533C0092370C /* JReaderBaseAnimationViewController.m */,
				C43F54801F6A92B3008133DD /* JReaderNoneAnimationViewController.h */,
				C43F54811F6A92B3008133DD /* JReaderNoneAnimationViewController.m */,
				C46F5E6D1F6B7BC700746BAA /* JReaderCoverAnimationViewController.h */,
				C46F5E6E1F6B7BC700746BAA /* JReaderCoverAnimationViewController.m */,
				C46F5E701F6BAFD800746BAA /* JReaderScrollAnimationViewController.h */,
				C46F5E711F6BAFD800746BAA /* JReaderScrollAnimationViewController.m */,
				C46F5E731F6BB44900746BAA /* JReaderCurlAnimationViewController.h */,
				C46F5E741F6BB44900746BAA /* JReaderCurlAnimationViewController.m */,
			);
			path = AnimationViewController;
			sourceTree = "<group>";
		};
		C424DBAC1F5D533C0092370C /* JReaderTools */ = {
			isa = PBXGroup;
			children = (
				C424DBAD1F5D533C0092370C /* JReaderFormatString.h */,
				C424DBAE1F5D533C0092370C /* JReaderFormatString.m */,
				C424DBAF1F5D533C0092370C /* JReaderPaging.h */,
				C424DBB01F5D533C0092370C /* JReaderPaging.m */,
				C429C3751F7130EB0026E639 /* NSObject+JReaderKVO.h */,
				C429C3761F7130EB0026E639 /* NSObject+JReaderKVO.m */,
			);
			path = JReaderTools;
			sourceTree = "<group>";
		};
		C424DBB11F5D533C0092370C /* JReaderView */ = {
			isa = PBXGroup;
			children = (
				C47693241F6FC02100D5867A /* battery.png */,
				C476931E1F6FB87800D5867A /* jReaderPageHeaderView.h */,
				C476931F1F6FB87800D5867A /* jReaderPageHeaderView.m */,
				C47693211F6FB88400D5867A /* jReaderPageFooterView.h */,
				C47693221F6FB88400D5867A /* jReaderPageFooterView.m */,
				C424DBB21F5D533C0092370C /* JReaderView.h */,
				C424DBB31F5D533C0092370C /* JReaderView.m */,
				C424DBB41F5D533C0092370C /* JReaderViewController.h */,
				C424DBB51F5D533C0092370C /* JReaderViewController.m */,
				C46F5E761F6BBA6A00746BAA /* JReaderBackViewController.h */,
				C46F5E771F6BBA6A00746BAA /* JReaderBackViewController.m */,
			);
			path = JReaderView;
			sourceTree = "<group>";
		};
		C43FEBE61F73C6FB008E3629 /* Model */ = {
			isa = PBXGroup;
			children = (
				C43FEBE71F73C704008E3629 /* ReaderModel.h */,
				C43FEBE81F73C704008E3629 /* ReaderModel.m */,
				C43FEBEA1F73C73A008E3629 /* ChapterModel.h */,
				C43FEBEB1F73C73A008E3629 /* ChapterModel.m */,
				C47CBB781F7B407500CCFC4E /* MarkModel.h */,
				C47CBB791F7B407500CCFC4E /* MarkModel.m */,
			);
			path = Model;
			sourceTree = "<group>";
		};
		C43FEBED1F73C84B008E3629 /* Resource */ = {
			isa = PBXGroup;
			children = (
				C43FEC1C1F73CE3C008E3629 /* ReaderModel */,
				C43FEBEE1F73C84B008E3629 /* 62447 */,
				C43FEBEF1F73C84B008E3629 /* 62448 */,
				C43FEBF01F73C84B008E3629 /* 62449 */,
				C43FEBF11F73C84B008E3629 /* 62450 */,
				C43FEBF21F73C84B008E3629 /* 62451 */,
				C43FEBF31F73C84B008E3629 /* 62452 */,
				C43FEBF41F73C84B008E3629 /* 62453 */,
				C43FEBF51F73C84B008E3629 /* 62454 */,
				C43FEBF61F73C84B008E3629 /* 62455 */,
				C43FEBF71F73C84B008E3629 /* 62456 */,
				C43FEBF81F73C84B008E3629 /* 62457 */,
				C43FEBF91F73C84B008E3629 /* 62458 */,
				C43FEBFA1F73C84B008E3629 /* 62459 */,
				C43FEBFB1F73C84B008E3629 /* 62460 */,
				C43FEBFC1F73C84B008E3629 /* 62461 */,
				C43FEBFD1F73C84B008E3629 /* 62462 */,
				C43FEBFE1F73C84B008E3629 /* 62463 */,
				C43FEBFF1F73C84B008E3629 /* 62464 */,
				C43FEC001F73C84B008E3629 /* 62465 */,
				C43FEC011F73C84B008E3629 /* 62466 */,
			);
			path = Resource;
			sourceTree = "<group>";
		};
		C47693261F6FD2F500D5867A /* Reader */ = {
			isa = PBXGroup;
			children = (
				C47693271F6FD2F500D5867A /* Controller */,
				C43FEBE61F73C6FB008E3629 /* Model */,
				C476932B1F6FD2F500D5867A /* View */,
			);
			path = Reader;
			sourceTree = "<group>";
		};
		C47693271F6FD2F500D5867A /* Controller */ = {
			isa = PBXGroup;
			children = (
				C47693281F6FD2F500D5867A /* ReaderViewController.h */,
				C47693291F6FD2F500D5867A /* ReaderViewController.m */,
				C4B61A4C1F7A50E200793CA4 /* ReaderDirectoryViewController.h */,
				C4B61A4D1F7A50E200793CA4 /* ReaderDirectoryViewController.m */,
			);
			path = Controller;
			sourceTree = "<group>";
		};
		C476932B1F6FD2F500D5867A /* View */ = {
			isa = PBXGroup;
			children = (
				C476932D1F6FD31F00D5867A /* TopMenuView.h */,
				C476932E1F6FD31F00D5867A /* TopMenuView.m */,
				C47693301F6FDB7000D5867A /* BottomMenuView.h */,
				C47693311F6FDB7000D5867A /* BottomMenuView.m */,
				C4CF92BE1F78AA2F00AA141C /* SetMenuView.h */,
				C4CF92BF1F78AA2F00AA141C /* SetMenuView.m */,
				C47CBB7B1F7B4CB400CCFC4E /* MarkTableViewCell.h */,
				C47CBB7C1F7B4CB400CCFC4E /* MarkTableViewCell.m */,
			);
			path = View;
			sourceTree = "<group>";
		};
		C4BA6E801F3015C20064D06D = {
			isa = PBXGroup;
			children = (
				C4BA6E8B1F3015C20064D06D /* JReaderDemo */,
				C4BA6EA51F3015C20064D06D /* JReaderDemoTests */,
				C4BA6EB01F3015C20064D06D /* JReaderDemoUITests */,
				C4BA6E8A1F3015C20064D06D /* Products */,
				65EAE1FFE4F8FC4BFC56CA82 /* Pods */,
				57B212DF01EC6E699E933F4C /* Frameworks */,
			);
			sourceTree = "<group>";
		};
		C4BA6E8A1F3015C20064D06D /* Products */ = {
			isa = PBXGroup;
			children = (
				C4BA6E891F3015C20064D06D /* JReaderDemo.app */,
				C4BA6EA21F3015C20064D06D /* JReaderDemoTests.xctest */,
				C4BA6EAD1F3015C20064D06D /* JReaderDemoUITests.xctest */,
			);
			name = Products;
			sourceTree = "<group>";
		};
		C4BA6E8B1F3015C20064D06D /* JReaderDemo */ = {
			isa = PBXGroup;
			children = (
				C43FEBED1F73C84B008E3629 /* Resource */,
				C4BB41AD1F597A620052F10C /* text */,
				C47693261F6FD2F500D5867A /* Reader */,
				C424DBA21F5D533C0092370C /* JReader */,
				C4BB41941F5930860052F10C /* WDAutoLayout */,
				C4BA6E8F1F3015C20064D06D /* AppDelegate.h */,
				C4BA6E901F3015C20064D06D /* AppDelegate.m */,
				C4BA6E921F3015C20064D06D /* ViewController.h */,
				C4BA6E931F3015C20064D06D /* ViewController.m */,
				C4BA6E981F3015C20064D06D /* Assets.xcassets */,
				C4BA6E9A1F3015C20064D06D /* LaunchScreen.storyboard */,
				C4BA6E9D1F3015C20064D06D /* Info.plist */,
				C4BA6E8C1F3015C20064D06D /* Supporting Files */,
				C4BB41A21F5930C80052F10C /* PrefixHeader.pch */,
			);
			path = JReaderDemo;
			sourceTree = "<group>";
		};
		C4BA6E8C1F3015C20064D06D /* Supporting Files */ = {
			isa = PBXGroup;
			children = (
				C4BA6E8D1F3015C20064D06D /* main.m */,
			);
			name = "Supporting Files";
			sourceTree = "<group>";
		};
		C4BA6EA51F3015C20064D06D /* JReaderDemoTests */ = {
			isa = PBXGroup;
			children = (
				C4BA6EA61F3015C20064D06D /* JReaderDemoTests.m */,
				C4BA6EA81F3015C20064D06D /* Info.plist */,
			);
			path = JReaderDemoTests;
			sourceTree = "<group>";
		};
		C4BA6EB01F3015C20064D06D /* JReaderDemoUITests */ = {
			isa = PBXGroup;
			children = (
				C4BA6EB11F3015C20064D06D /* JReaderDemoUITests.m */,
				C4BA6EB31F3015C20064D06D /* Info.plist */,
			);
			path = JReaderDemoUITests;
			sourceTree = "<group>";
		};
		C4BB41941F5930860052F10C /* WDAutoLayout */ = {
			isa = PBXGroup;
			children = (
				C4BB41951F5930860052F10C /* UITableView+WDAutoLayout.h */,
				C4BB41961F5930860052F10C /* UITableView+WDAutoLayout.m */,
				C4BB41971F5930860052F10C /* UIView+WDAutoLayout.h */,
				C4BB41981F5930860052F10C /* UIView+WDAutoLayout.m */,
				C4BB41991F5930860052F10C /* WDAutoLayout.h */,
				C4BB419A1F5930860052F10C /* WDLayoutConstraint.h */,
				C4BB419B1F5930860052F10C /* WDLayoutConstraint.m */,
				C4BB419C1F5930860052F10C /* WDViewLayout.h */,
				C4BB419D1F5930860052F10C /* WDViewLayout.m */,
			);
			path = WDAutoLayout;
			sourceTree = "<group>";
		};
/* End PBXGroup section */

/* Begin PBXNativeTarget section */
		C4BA6E881F3015C20064D06D /* JReaderDemo */ = {
			isa = PBXNativeTarget;
			buildConfigurationList = C4BA6EB61F3015C20064D06D /* Build configuration list for PBXNativeTarget "JReaderDemo" */;
			buildPhases = (
				CCCB378CD37C521D7557CE39 /* [CP] Check Pods Manifest.lock */,
				C4BA6E851F3015C20064D06D /* Sources */,
				C4BA6E861F3015C20064D06D /* Frameworks */,
				C4BA6E871F3015C20064D06D /* Resources */,
				98B6B8DF53ABC30013833853 /* [CP] Embed Pods Frameworks */,
				938996C5D494F60437CACEA8 /* [CP] Copy Pods Resources */,
			);
			buildRules = (
			);
			dependencies = (
			);
			name = JReaderDemo;
			productName = JReaderDemo;
			productReference = C4BA6E891F3015C20064D06D /* JReaderDemo.app */;
			productType = "com.apple.product-type.application";
		};
		C4BA6EA11F3015C20064D06D /* JReaderDemoTests */ = {
			isa = PBXNativeTarget;
			buildConfigurationList = C4BA6EB91F3015C20064D06D /* Build configuration list for PBXNativeTarget "JReaderDemoTests" */;
			buildPhases = (
				C4BA6E9E1F3015C20064D06D /* Sources */,
				C4BA6E9F1F3015C20064D06D /* Frameworks */,
				C4BA6EA01F3015C20064D06D /* Resources */,
			);
			buildRules = (
			);
			dependencies = (
				C4BA6EA41F3015C20064D06D /* PBXTargetDependency */,
			);
			name = JReaderDemoTests;
			productName = JReaderDemoTests;
			productReference = C4BA6EA21F3015C20064D06D /* JReaderDemoTests.xctest */;
			productType = "com.apple.product-type.bundle.unit-test";
		};
		C4BA6EAC1F3015C20064D06D /* JReaderDemoUITests */ = {
			isa = PBXNativeTarget;
			buildConfigurationList = C4BA6EBC1F3015C20064D06D /* Build configuration list for PBXNativeTarget "JReaderDemoUITests" */;
			buildPhases = (
				C4BA6EA91F3015C20064D06D /* Sources */,
				C4BA6EAA1F3015C20064D06D /* Frameworks */,
				C4BA6EAB1F3015C20064D06D /* Resources */,
			);
			buildRules = (
			);
			dependencies = (
				C4BA6EAF1F3015C20064D06D /* PBXTargetDependency */,
			);
			name = JReaderDemoUITests;
			productName = JReaderDemoUITests;
			productReference = C4BA6EAD1F3015C20064D06D /* JReaderDemoUITests.xctest */;
			productType = "com.apple.product-type.bundle.ui-testing";
		};
/* End PBXNativeTarget section */

/* Begin PBXProject section */
		C4BA6E811F3015C20064D06D /* Project object */ = {
			isa = PBXProject;
			attributes = {
				LastUpgradeCheck = 0900;
				ORGANIZATIONNAME = Jerry;
				TargetAttributes = {
					C4BA6E881F3015C20064D06D = {
						CreatedOnToolsVersion = 8.3.3;
						DevelopmentTeam = S6SA3H9S2Y;
						ProvisioningStyle = Automatic;
					};
					C4BA6EA11F3015C20064D06D = {
						CreatedOnToolsVersion = 8.3.3;
						ProvisioningStyle = Automatic;
						TestTargetID = C4BA6E881F3015C20064D06D;
					};
					C4BA6EAC1F3015C20064D06D = {
						CreatedOnToolsVersion = 8.3.3;
						ProvisioningStyle = Automatic;
						TestTargetID = C4BA6E881F3015C20064D06D;
					};
				};
			};
			buildConfigurationList = C4BA6E841F3015C20064D06D /* Build configuration list for PBXProject "JReaderDemo" */;
			compatibilityVersion = "Xcode 3.2";
			developmentRegion = English;
			hasScannedForEncodings = 0;
			knownRegions = (
				en,
				Base,
			);
			mainGroup = C4BA6E801F3015C20064D06D;
			productRefGroup = C4BA6E8A1F3015C20064D06D /* Products */;
			projectDirPath = "";
			projectRoot = "";
			targets = (
				C4BA6E881F3015C20064D06D /* JReaderDemo */,
				C4BA6EA11F3015C20064D06D /* JReaderDemoTests */,
				C4BA6EAC1F3015C20064D06D /* JReaderDemoUITests */,
			);
		};
/* End PBXProject section */

/* Begin PBXResourcesBuildPhase section */
		C4BA6E871F3015C20064D06D /* Resources */ = {
			isa = PBXResourcesBuildPhase;
			buildActionMask = 2147483647;
			files = (
				C43FEC0F1F73C84B008E3629 /* 62459 in Resources */,
				C43FEC091F73C84B008E3629 /* 62453 in Resources */,
				C4BA6E9C1F3015C20064D06D /* LaunchScreen.storyboard in Resources */,
				C43FEC101F73C84B008E3629 /* 62460 in Resources */,
				C43FEC151F73C84B008E3629 /* 62465 in Resources */,
				C47693251F6FC02100D5867A /* battery.png in Resources */,
				C43FEC121F73C84B008E3629 /* 62462 in Resources */,
				C4BB41AE1F597A620052F10C /* text in Resources */,
				C43FEC041F73C84B008E3629 /* 62448 in Resources */,
				C43FEC081F73C84B008E3629 /* 62452 in Resources */,
				C43FEC111F73C84B008E3629 /* 62461 in Resources */,
				C43FEC0A1F73C84B008E3629 /* 62454 in Resources */,
				C43FEC141F73C84B008E3629 /* 62464 in Resources */,
				C43FEC031F73C84B008E3629 /* 62447 in Resources */,
				C43FEC0C1F73C84B008E3629 /* 62456 in Resources */,
				C43FEC1D1F73CE3C008E3629 /* ReaderModel in Resources */,
				C43FEC0D1F73C84B008E3629 /* 62457 in Resources */,
				C43FEC051F73C84B008E3629 /* 62449 in Resources */,
				C43FEC0B1F73C84B008E3629 /* 62455 in Resources */,
				C43FEC071F73C84B008E3629 /* 62451 in Resources */,
				C43FEC061F73C84B008E3629 /* 62450 in Resources */,
				C43FEC131F73C84B008E3629 /* 62463 in Resources */,
				C43FEC161F73C84B008E3629 /* 62466 in Resources */,
				C43FEC0E1F73C84B008E3629 /* 62458 in Resources */,
				C4BA6E991F3015C20064D06D /* Assets.xcassets in Resources */,
			);
			runOnlyForDeploymentPostprocessing = 0;
		};
		C4BA6EA01F3015C20064D06D /* Resources */ = {
			isa = PBXResourcesBuildPhase;
			buildActionMask = 2147483647;
			files = (
			);
			runOnlyForDeploymentPostprocessing = 0;
		};
		C4BA6EAB1F3015C20064D06D /* Resources */ = {
			isa = PBXResourcesBuildPhase;
			buildActionMask = 2147483647;
			files = (
			);
			runOnlyForDeploymentPostprocessing = 0;
		};
/* End PBXResourcesBuildPhase section */

/* Begin PBXShellScriptBuildPhase section */
		938996C5D494F60437CACEA8 /* [CP] Copy Pods Resources */ = {
			isa = PBXShellScriptBuildPhase;
			buildActionMask = 2147483647;
			files = (
			);
			inputPaths = (
			);
			name = "[CP] Copy Pods Resources";
			outputPaths = (
			);
			runOnlyForDeploymentPostprocessing = 0;
			shellPath = /bin/sh;
			shellScript = "\"${SRCROOT}/Pods/Target Support Files/Pods-JReaderDemo/Pods-JReaderDemo-resources.sh\"\n";
			showEnvVarsInLog = 0;
		};
		98B6B8DF53ABC30013833853 /* [CP] Embed Pods Frameworks */ = {
			isa = PBXShellScriptBuildPhase;
			buildActionMask = 2147483647;
			files = (
			);
			inputPaths = (
			);
			name = "[CP] Embed Pods Frameworks";
			outputPaths = (
			);
			runOnlyForDeploymentPostprocessing = 0;
			shellPath = /bin/sh;
			shellScript = "\"${SRCROOT}/Pods/Target Support Files/Pods-JReaderDemo/Pods-JReaderDemo-frameworks.sh\"\n";
			showEnvVarsInLog = 0;
		};
		CCCB378CD37C521D7557CE39 /* [CP] Check Pods Manifest.lock */ = {
			isa = PBXShellScriptBuildPhase;
			buildActionMask = 2147483647;
			files = (
			);
			inputPaths = (
			);
			name = "[CP] Check Pods Manifest.lock";
			outputPaths = (
			);
			runOnlyForDeploymentPostprocessing = 0;
			shellPath = /bin/sh;
			shellScript = "diff \"${PODS_PODFILE_DIR_PATH}/Podfile.lock\" \"${PODS_ROOT}/Manifest.lock\" > /dev/null\nif [ $? != 0 ] ; then\n    # print error to STDERR\n    echo \"error: The sandbox is not in sync with the Podfile.lock. Run 'pod install' or update your CocoaPods installation.\" >&2\n    exit 1\nfi\n";
			showEnvVarsInLog = 0;
		};
/* End PBXShellScriptBuildPhase section */

/* Begin PBXSourcesBuildPhase section */
		C4BA6E851F3015C20064D06D /* Sources */ = {
			isa = PBXSourcesBuildPhase;
			buildActionMask = 2147483647;
			files = (
				C424DBBA1F5D533C0092370C /* JReaderFormatString.m in Sources */,
				C424DBBC1F5D533C0092370C /* JReaderView.m in Sources */,
				C43F54821F6A92B3008133DD /* JReaderNoneAnimationViewController.m in Sources */,
				C476932C1F6FD2F500D5867A /* ReaderViewController.m in Sources */,
				C46F5E721F6BAFD800746BAA /* JReaderScrollAnimationViewController.m in Sources */,
				C43FEBEC1F73C73A008E3629 /* ChapterModel.m in Sources */,
				C46F5E6F1F6B7BC700746BAA /* JReaderCoverAnimationViewController.m in Sources */,
				C424DBBB1F5D533C0092370C /* JReaderPaging.m in Sources */,
				C47693201F6FB87800D5867A /* jReaderPageHeaderView.m in Sources */,
				C47693231F6FB88400D5867A /* jReaderPageFooterView.m in Sources */,
				C424DBB71F5D533C0092370C /* JReaderAnimationViewController.m in Sources */,
				C4BA6E941F3015C20064D06D /* ViewController.m in Sources */,
				C424DBB61F5D533C0092370C /* JReaderBaseAnimationViewController.m in Sources */,
				C46F5E751F6BB44900746BAA /* JReaderCurlAnimationViewController.m in Sources */,
				C47693321F6FDB7000D5867A /* BottomMenuView.m in Sources */,
				C4BB41A11F5930860052F10C /* WDViewLayout.m in Sources */,
				C4BB419E1F5930860052F10C /* UITableView+WDAutoLayout.m in Sources */,
				C47CBB7A1F7B407500CCFC4E /* MarkModel.m in Sources */,
				C4BA6E911F3015C20064D06D /* AppDelegate.m in Sources */,
				C4BA6E8E1F3015C20064D06D /* main.m in Sources */,
				C4B61A4E1F7A50E200793CA4 /* ReaderDirectoryViewController.m in Sources */,
				C4BB41A01F5930860052F10C /* WDLayoutConstraint.m in Sources */,
				C46F5E781F6BBA6A00746BAA /* JReaderBackViewController.m in Sources */,
				C429C3771F7130EB0026E639 /* NSObject+JReaderKVO.m in Sources */,
				C424DBB81F5D533C0092370C /* JReaderManager.m in Sources */,
				C4BB419F1F5930860052F10C /* UIView+WDAutoLayout.m in Sources */,
				C4CF92C01F78AA2F00AA141C /* SetMenuView.m in Sources */,
				C476932F1F6FD31F00D5867A /* TopMenuView.m in Sources */,
				C47CBB7D1F7B4CB400CCFC4E /* MarkTableViewCell.m in Sources */,
				C424DBBD1F5D533C0092370C /* JReaderViewController.m in Sources */,
				C43FEBE91F73C704008E3629 /* ReaderModel.m in Sources */,
				C424DBB91F5D533C0092370C /* JReaderModel.m in Sources */,
			);
			runOnlyForDeploymentPostprocessing = 0;
		};
		C4BA6E9E1F3015C20064D06D /* Sources */ = {
			isa = PBXSourcesBuildPhase;
			buildActionMask = 2147483647;
			files = (
				C4BA6EA71F3015C20064D06D /* JReaderDemoTests.m in Sources */,
			);
			runOnlyForDeploymentPostprocessing = 0;
		};
		C4BA6EA91F3015C20064D06D /* Sources */ = {
			isa = PBXSourcesBuildPhase;
			buildActionMask = 2147483647;
			files = (
				C4BA6EB21F3015C20064D06D /* JReaderDemoUITests.m in Sources */,
			);
			runOnlyForDeploymentPostprocessing = 0;
		};
/* End PBXSourcesBuildPhase section */

/* Begin PBXTargetDependency section */
		C4BA6EA41F3015C20064D06D /* PBXTargetDependency */ = {
			isa = PBXTargetDependency;
			target = C4BA6E881F3015C20064D06D /* JReaderDemo */;
			targetProxy = C4BA6EA31F3015C20064D06D /* PBXContainerItemProxy */;
		};
		C4BA6EAF1F3015C20064D06D /* PBXTargetDependency */ = {
			isa = PBXTargetDependency;
			target = C4BA6E881F3015C20064D06D /* JReaderDemo */;
			targetProxy = C4BA6EAE1F3015C20064D06D /* PBXContainerItemProxy */;
		};
/* End PBXTargetDependency section */

/* Begin PBXVariantGroup section */
		C4BA6E9A1F3015C20064D06D /* LaunchScreen.storyboard */ = {
			isa = PBXVariantGroup;
			children = (
				C4BA6E9B1F3015C20064D06D /* Base */,
			);
			name = LaunchScreen.storyboard;
			sourceTree = "<group>";
		};
/* End PBXVariantGroup section */

/* Begin XCBuildConfiguration section */
		C4BA6EB41F3015C20064D06D /* Debug */ = {
			isa = XCBuildConfiguration;
			buildSettings = {
				ALWAYS_SEARCH_USER_PATHS = NO;
				CLANG_ANALYZER_NONNULL = YES;
				CLANG_ANALYZER_NUMBER_OBJECT_CONVERSION = YES_AGGRESSIVE;
				CLANG_CXX_LANGUAGE_STANDARD = "gnu++0x";
				CLANG_CXX_LIBRARY = "libc++";
				CLANG_ENABLE_MODULES = YES;
				CLANG_ENABLE_OBJC_ARC = YES;
				CLANG_WARN_BLOCK_CAPTURE_AUTORELEASING = YES;
				CLANG_WARN_BOOL_CONVERSION = YES;
				CLANG_WARN_COMMA = YES;
				CLANG_WARN_CONSTANT_CONVERSION = YES;
				CLANG_WARN_DIRECT_OBJC_ISA_USAGE = YES_ERROR;
				CLANG_WARN_DOCUMENTATION_COMMENTS = YES;
				CLANG_WARN_EMPTY_BODY = YES;
				CLANG_WARN_ENUM_CONVERSION = YES;
				CLANG_WARN_INFINITE_RECURSION = YES;
				CLANG_WARN_INT_CONVERSION = YES;
				CLANG_WARN_NON_LITERAL_NULL_CONVERSION = YES;
				CLANG_WARN_OBJC_LITERAL_CONVERSION = YES;
				CLANG_WARN_OBJC_ROOT_CLASS = YES_ERROR;
				CLANG_WARN_RANGE_LOOP_ANALYSIS = YES;
				CLANG_WARN_STRICT_PROTOTYPES = YES;
				CLANG_WARN_SUSPICIOUS_MOVE = YES;
				CLANG_WARN_UNREACHABLE_CODE = YES;
				CLANG_WARN__DUPLICATE_METHOD_MATCH = YES;
				"CODE_SIGN_IDENTITY[sdk=iphoneos*]" = "iPhone Developer";
				COPY_PHASE_STRIP = NO;
				DEBUG_INFORMATION_FORMAT = dwarf;
				ENABLE_STRICT_OBJC_MSGSEND = YES;
				ENABLE_TESTABILITY = YES;
				GCC_C_LANGUAGE_STANDARD = gnu99;
				GCC_DYNAMIC_NO_PIC = NO;
				GCC_NO_COMMON_BLOCKS = YES;
				GCC_OPTIMIZATION_LEVEL = 0;
				GCC_PREPROCESSOR_DEFINITIONS = (
					"DEBUG=1",
					"$(inherited)",
				);
				GCC_WARN_64_TO_32_BIT_CONVERSION = YES;
				GCC_WARN_ABOUT_RETURN_TYPE = YES_ERROR;
				GCC_WARN_UNDECLARED_SELECTOR = YES;
				GCC_WARN_UNINITIALIZED_AUTOS = YES_AGGRESSIVE;
				GCC_WARN_UNUSED_FUNCTION = YES;
				GCC_WARN_UNUSED_VARIABLE = YES;
				IPHONEOS_DEPLOYMENT_TARGET = 10.3;
				MTL_ENABLE_DEBUG_INFO = YES;
				ONLY_ACTIVE_ARCH = YES;
				SDKROOT = iphoneos;
				TARGETED_DEVICE_FAMILY = "1,2";
			};
			name = Debug;
		};
		C4BA6EB51F3015C20064D06D /* Release */ = {
			isa = XCBuildConfiguration;
			buildSettings = {
				ALWAYS_SEARCH_USER_PATHS = NO;
				CLANG_ANALYZER_NONNULL = YES;
				CLANG_ANALYZER_NUMBER_OBJECT_CONVERSION = YES_AGGRESSIVE;
				CLANG_CXX_LANGUAGE_STANDARD = "gnu++0x";
				CLANG_CXX_LIBRARY = "libc++";
				CLANG_ENABLE_MODULES = YES;
				CLANG_ENABLE_OBJC_ARC = YES;
				CLANG_WARN_BLOCK_CAPTURE_AUTORELEASING = YES;
				CLANG_WARN_BOOL_CONVERSION = YES;
				CLANG_WARN_COMMA = YES;
				CLANG_WARN_CONSTANT_CONVERSION = YES;
				CLANG_WARN_DIRECT_OBJC_ISA_USAGE = YES_ERROR;
				CLANG_WARN_DOCUMENTATION_COMMENTS = YES;
				CLANG_WARN_EMPTY_BODY = YES;
				CLANG_WARN_ENUM_CONVERSION = YES;
				CLANG_WARN_INFINITE_RECURSION = YES;
				CLANG_WARN_INT_CONVERSION = YES;
				CLANG_WARN_NON_LITERAL_NULL_CONVERSION = YES;
				CLANG_WARN_OBJC_LITERAL_CONVERSION = YES;
				CLANG_WARN_OBJC_ROOT_CLASS = YES_ERROR;
				CLANG_WARN_RANGE_LOOP_ANALYSIS = YES;
				CLANG_WARN_STRICT_PROTOTYPES = YES;
				CLANG_WARN_SUSPICIOUS_MOVE = YES;
				CLANG_WARN_UNREACHABLE_CODE = YES;
				CLANG_WARN__DUPLICATE_METHOD_MATCH = YES;
				"CODE_SIGN_IDENTITY[sdk=iphoneos*]" = "iPhone Developer";
				COPY_PHASE_STRIP = NO;
				DEBUG_INFORMATION_FORMAT = "dwarf-with-dsym";
				ENABLE_NS_ASSERTIONS = NO;
				ENABLE_STRICT_OBJC_MSGSEND = YES;
				GCC_C_LANGUAGE_STANDARD = gnu99;
				GCC_NO_COMMON_BLOCKS = YES;
				GCC_WARN_64_TO_32_BIT_CONVERSION = YES;
				GCC_WARN_ABOUT_RETURN_TYPE = YES_ERROR;
				GCC_WARN_UNDECLARED_SELECTOR = YES;
				GCC_WARN_UNINITIALIZED_AUTOS = YES_AGGRESSIVE;
				GCC_WARN_UNUSED_FUNCTION = YES;
				GCC_WARN_UNUSED_VARIABLE = YES;
				IPHONEOS_DEPLOYMENT_TARGET = 10.3;
				MTL_ENABLE_DEBUG_INFO = NO;
				SDKROOT = iphoneos;
				TARGETED_DEVICE_FAMILY = "1,2";
				VALIDATE_PRODUCT = YES;
			};
			name = Release;
		};
		C4BA6EB71F3015C20064D06D /* Debug */ = {
			isa = XCBuildConfiguration;
			baseConfigurationReference = D575E0BDF0ADA5EDF35A5F4C /* Pods-JReaderDemo.debug.xcconfig */;
			buildSettings = {
				ASSETCATALOG_COMPILER_APPICON_NAME = AppIcon;
				DEVELOPMENT_TEAM = S6SA3H9S2Y;
				GCC_PREFIX_HEADER = JReaderDemo/PrefixHeader.pch;
				INFOPLIST_FILE = JReaderDemo/Info.plist;
				IPHONEOS_DEPLOYMENT_TARGET = 8.0;
				LD_RUNPATH_SEARCH_PATHS = "$(inherited) @executable_path/Frameworks";
				PRODUCT_BUNDLE_IDENTIFIER = jReader.reader.JReaderDemo;
				PRODUCT_NAME = "$(TARGET_NAME)";
				TARGETED_DEVICE_FAMILY = 1;
			};
			name = Debug;
		};
		C4BA6EB81F3015C20064D06D /* Release */ = {
			isa = XCBuildConfiguration;
			baseConfigurationReference = 7EEA8C484C021C3E53A233CA /* Pods-JReaderDemo.release.xcconfig */;
			buildSettings = {
				ASSETCATALOG_COMPILER_APPICON_NAME = AppIcon;
				DEVELOPMENT_TEAM = S6SA3H9S2Y;
				GCC_PREFIX_HEADER = JReaderDemo/PrefixHeader.pch;
				INFOPLIST_FILE = JReaderDemo/Info.plist;
				IPHONEOS_DEPLOYMENT_TARGET = 8.0;
				LD_RUNPATH_SEARCH_PATHS = "$(inherited) @executable_path/Frameworks";
				PRODUCT_BUNDLE_IDENTIFIER = jReader.reader.JReaderDemo;
				PRODUCT_NAME = "$(TARGET_NAME)";
				TARGETED_DEVICE_FAMILY = 1;
			};
			name = Release;
		};
		C4BA6EBA1F3015C20064D06D /* Debug */ = {
			isa = XCBuildConfiguration;
			buildSettings = {
				BUNDLE_LOADER = "$(TEST_HOST)";
				INFOPLIST_FILE = JReaderDemoTests/Info.plist;
				LD_RUNPATH_SEARCH_PATHS = "$(inherited) @executable_path/Frameworks @loader_path/Frameworks";
				PRODUCT_BUNDLE_IDENTIFIER = iyoo.com.reader.JReaderDemoTests;
				PRODUCT_NAME = "$(TARGET_NAME)";
				TEST_HOST = "$(BUILT_PRODUCTS_DIR)/JReaderDemo.app/JReaderDemo";
			};
			name = Debug;
		};
		C4BA6EBB1F3015C20064D06D /* Release */ = {
			isa = XCBuildConfiguration;
			buildSettings = {
				BUNDLE_LOADER = "$(TEST_HOST)";
				INFOPLIST_FILE = JReaderDemoTests/Info.plist;
				LD_RUNPATH_SEARCH_PATHS = "$(inherited) @executable_path/Frameworks @loader_path/Frameworks";
				PRODUCT_BUNDLE_IDENTIFIER = iyoo.com.reader.JReaderDemoTests;
				PRODUCT_NAME = "$(TARGET_NAME)";
				TEST_HOST = "$(BUILT_PRODUCTS_DIR)/JReaderDemo.app/JReaderDemo";
			};
			name = Release;
		};
		C4BA6EBD1F3015C20064D06D /* Debug */ = {
			isa = XCBuildConfiguration;
			buildSettings = {
				INFOPLIST_FILE = JReaderDemoUITests/Info.plist;
				LD_RUNPATH_SEARCH_PATHS = "$(inherited) @executable_path/Frameworks @loader_path/Frameworks";
				PRODUCT_BUNDLE_IDENTIFIER = iyoo.com.reader.JReaderDemoUITests;
				PRODUCT_NAME = "$(TARGET_NAME)";
				TEST_TARGET_NAME = JReaderDemo;
			};
			name = Debug;
		};
		C4BA6EBE1F3015C20064D06D /* Release */ = {
			isa = XCBuildConfiguration;
			buildSettings = {
				INFOPLIST_FILE = JReaderDemoUITests/Info.plist;
				LD_RUNPATH_SEARCH_PATHS = "$(inherited) @executable_path/Frameworks @loader_path/Frameworks";
				PRODUCT_BUNDLE_IDENTIFIER = iyoo.com.reader.JReaderDemoUITests;
				PRODUCT_NAME = "$(TARGET_NAME)";
				TEST_TARGET_NAME = JReaderDemo;
			};
			name = Release;
		};
/* End XCBuildConfiguration section */

/* Begin XCConfigurationList section */
		C4BA6E841F3015C20064D06D /* Build configuration list for PBXProject "JReaderDemo" */ = {
			isa = XCConfigurationList;
			buildConfigurations = (
				C4BA6EB41F3015C20064D06D /* Debug */,
				C4BA6EB51F3015C20064D06D /* Release */,
			);
			defaultConfigurationIsVisible = 0;
			defaultConfigurationName = Release;
		};
		C4BA6EB61F3015C20064D06D /* Build configuration list for PBXNativeTarget "JReaderDemo" */ = {
			isa = XCConfigurationList;
			buildConfigurations = (
				C4BA6EB71F3015C20064D06D /* Debug */,
				C4BA6EB81F3015C20064D06D /* Release */,
			);
			defaultConfigurationIsVisible = 0;
			defaultConfigurationName = Release;
		};
		C4BA6EB91F3015C20064D06D /* Build configuration list for PBXNativeTarget "JReaderDemoTests" */ = {
			isa = XCConfigurationList;
			buildConfigurations = (
				C4BA6EBA1F3015C20064D06D /* Debug */,
				C4BA6EBB1F3015C20064D06D /* Release */,
			);
			defaultConfigurationIsVisible = 0;
			defaultConfigurationName = Release;
		};
		C4BA6EBC1F3015C20064D06D /* Build configuration list for PBXNativeTarget "JReaderDemoUITests" */ = {
			isa = XCConfigurationList;
			buildConfigurations = (
				C4BA6EBD1F3015C20064D06D /* Debug */,
				C4BA6EBE1F3015C20064D06D /* Release */,
			);
			defaultConfigurationIsVisible = 0;
			defaultConfigurationName = Release;
		};
/* End XCConfigurationList section */
	};
	rootObject = C4BA6E811F3015C20064D06D /* Project object */;
}
