// !$*UTF8*$!
{
	archiveVersion = 1;
	classes = {
	};
	objectVersion = 46;
	objects = {

/* Begin PBXBuildFile section */
		7779D3D91D79528100E4EEF6 /* main.m in Sources */ = {isa = PBXBuildFile; fileRef = 7779D3D81D79528100E4EEF6 /* main.m */; };
		7779D3DC1D79528100E4EEF6 /* AppDelegate.m in Sources */ = {isa = PBXBuildFile; fileRef = 7779D3DB1D79528100E4EEF6 /* AppDelegate.m */; };
		7779D3DF1D79528100E4EEF6 /* ViewController.m in Sources */ = {isa = PBXBuildFile; fileRef = 7779D3DE1D79528100E4EEF6 /* ViewController.m */; };
		7779D3E21D79528100E4EEF6 /* Main.storyboard in Resources */ = {isa = PBXBuildFile; fileRef = 7779D3E01D79528100E4EEF6 /* Main.storyboard */; };
		7779D3E51D79528100E4EEF6 /* ReadEngine.xcdatamodeld in Sources */ = {isa = PBXBuildFile; fileRef = 7779D3E31D79528100E4EEF6 /* ReadEngine.xcdatamodeld */; };
		7779D3E71D79528100E4EEF6 /* Assets.xcassets in Resources */ = {isa = PBXBuildFile; fileRef = 7779D3E61D79528100E4EEF6 /* Assets.xcassets */; };
		7779D3EA1D79528100E4EEF6 /* LaunchScreen.storyboard in Resources */ = {isa = PBXBuildFile; fileRef = 7779D3E81D79528100E4EEF6 /* LaunchScreen.storyboard */; };
		7779D4441D79534400E4EEF6 /* AutomaticReadingViewController.m in Sources */ = {isa = PBXBuildFile; fileRef = 7779D3F41D79534400E4EEF6 /* AutomaticReadingViewController.m */; };
		7779D4451D79534400E4EEF6 /* CoverPatternsViewController.m in Sources */ = {isa = PBXBuildFile; fileRef = 7779D3F61D79534400E4EEF6 /* CoverPatternsViewController.m */; };
		7779D4461D79534400E4EEF6 /* ScrollModeViewController.m in Sources */ = {isa = PBXBuildFile; fileRef = 7779D3F81D79534400E4EEF6 /* ScrollModeViewController.m */; };
		7779D4471D79534400E4EEF6 /* r_drag-dot@2x.png in Resources */ = {isa = PBXBuildFile; fileRef = 7779D3FA1D79534400E4EEF6 /* r_drag-dot@2x.png */; };
		7779D4481D79534400E4EEF6 /* 三角形.png in Resources */ = {isa = PBXBuildFile; fileRef = 7779D3FB1D79534400E4EEF6 /* 三角形.png */; };
		7779D4491D79534400E4EEF6 /* 三角形@2x.png in Resources */ = {isa = PBXBuildFile; fileRef = 7779D3FC1D79534400E4EEF6 /* 三角形@2x.png */; };
		7779D44A1D79534400E4EEF6 /* 三角形@3x.png in Resources */ = {isa = PBXBuildFile; fileRef = 7779D3FD1D79534400E4EEF6 /* 三角形@3x.png */; };
		7779D44B1D79534400E4EEF6 /* 删除.png in Resources */ = {isa = PBXBuildFile; fileRef = 7779D3FE1D79534400E4EEF6 /* 删除.png */; };
		7779D44C1D79534400E4EEF6 /* 删除@2x.png in Resources */ = {isa = PBXBuildFile; fileRef = 7779D3FF1D79534400E4EEF6 /* 删除@2x.png */; };
		7779D44D1D79534400E4EEF6 /* 删除@3x.png in Resources */ = {isa = PBXBuildFile; fileRef = 7779D4001D79534400E4EEF6 /* 删除@3x.png */; };
		7779D44E1D79534400E4EEF6 /* 复制.png in Resources */ = {isa = PBXBuildFile; fileRef = 7779D4011D79534400E4EEF6 /* 复制.png */; };
		7779D44F1D79534400E4EEF6 /* 复制@2x.png in Resources */ = {isa = PBXBuildFile; fileRef = 7779D4021D79534400E4EEF6 /* 复制@2x.png */; };
		7779D4501D79534400E4EEF6 /* 复制@3x.png in Resources */ = {isa = PBXBuildFile; fileRef = 7779D4031D79534400E4EEF6 /* 复制@3x.png */; };
		7779D4511D79534400E4EEF6 /* 夜间背景色.png in Resources */ = {isa = PBXBuildFile; fileRef = 7779D4041D79534400E4EEF6 /* 夜间背景色.png */; };
		7779D4521D79534400E4EEF6 /* 夜间背景色@2x.png in Resources */ = {isa = PBXBuildFile; fileRef = 7779D4051D79534400E4EEF6 /* 夜间背景色@2x.png */; };
		7779D4531D79534400E4EEF6 /* 夜间背景色@3x.png in Resources */ = {isa = PBXBuildFile; fileRef = 7779D4061D79534400E4EEF6 /* 夜间背景色@3x.png */; };
		7779D4541D79534400E4EEF6 /* 扫描线.png in Resources */ = {isa = PBXBuildFile; fileRef = 7779D4071D79534400E4EEF6 /* 扫描线.png */; };
		7779D4551D79534400E4EEF6 /* 扫描线@2x.png in Resources */ = {isa = PBXBuildFile; fileRef = 7779D4081D79534400E4EEF6 /* 扫描线@2x.png */; };
		7779D4561D79534400E4EEF6 /* 扫描线@3x.png in Resources */ = {isa = PBXBuildFile; fileRef = 7779D4091D79534400E4EEF6 /* 扫描线@3x.png */; };
		7779D4571D79534400E4EEF6 /* 电池.png in Resources */ = {isa = PBXBuildFile; fileRef = 7779D40A1D79534400E4EEF6 /* 电池.png */; };
		7779D4581D79534400E4EEF6 /* 电池@2x.png in Resources */ = {isa = PBXBuildFile; fileRef = 7779D40B1D79534400E4EEF6 /* 电池@2x.png */; };
		7779D4591D79534400E4EEF6 /* 电池@3x.png in Resources */ = {isa = PBXBuildFile; fileRef = 7779D40C1D79534400E4EEF6 /* 电池@3x.png */; };
		7779D45A1D79534400E4EEF6 /* 笔记.png in Resources */ = {isa = PBXBuildFile; fileRef = 7779D40D1D79534400E4EEF6 /* 笔记.png */; };
		7779D45B1D79534400E4EEF6 /* 笔记@2x.png in Resources */ = {isa = PBXBuildFile; fileRef = 7779D40E1D79534400E4EEF6 /* 笔记@2x.png */; };
		7779D45C1D79534400E4EEF6 /* 笔记@3x.png in Resources */ = {isa = PBXBuildFile; fileRef = 7779D40F1D79534400E4EEF6 /* 笔记@3x.png */; };
		7779D45D1D79534400E4EEF6 /* 笔记标志三点.png in Resources */ = {isa = PBXBuildFile; fileRef = 7779D4101D79534400E4EEF6 /* 笔记标志三点.png */; };
		7779D45E1D79534400E4EEF6 /* 笔记标志三点@2x.png in Resources */ = {isa = PBXBuildFile; fileRef = 7779D4111D79534400E4EEF6 /* 笔记标志三点@2x.png */; };
		7779D45F1D79534400E4EEF6 /* 笔记标志三点@3x.png in Resources */ = {isa = PBXBuildFile; fileRef = 7779D4121D79534400E4EEF6 /* 笔记标志三点@3x.png */; };
		7779D4601D79534400E4EEF6 /* 羊皮纸.png in Resources */ = {isa = PBXBuildFile; fileRef = 7779D4131D79534400E4EEF6 /* 羊皮纸.png */; };
		7779D4611D79534400E4EEF6 /* 阅读器-笔记框三角形.png in Resources */ = {isa = PBXBuildFile; fileRef = 7779D4141D79534400E4EEF6 /* 阅读器-笔记框三角形.png */; };
		7779D4621D79534400E4EEF6 /* 阅读器-笔记框三角形@2x.png in Resources */ = {isa = PBXBuildFile; fileRef = 7779D4151D79534400E4EEF6 /* 阅读器-笔记框三角形@2x.png */; };
		7779D4631D79534400E4EEF6 /* 阅读器-笔记框三角形@3x.png in Resources */ = {isa = PBXBuildFile; fileRef = 7779D4161D79534400E4EEF6 /* 阅读器-笔记框三角形@3x.png */; };
		7779D4641D79534400E4EEF6 /* 阅读器-笔记框夜间三角形.png in Resources */ = {isa = PBXBuildFile; fileRef = 7779D4171D79534400E4EEF6 /* 阅读器-笔记框夜间三角形.png */; };
		7779D4651D79534400E4EEF6 /* 阅读器-笔记框夜间三角形@2x.png in Resources */ = {isa = PBXBuildFile; fileRef = 7779D4181D79534400E4EEF6 /* 阅读器-笔记框夜间三角形@2x.png */; };
		7779D4661D79534400E4EEF6 /* 阅读器-笔记框夜间三角形@3x.png in Resources */ = {isa = PBXBuildFile; fileRef = 7779D4191D79534400E4EEF6 /* 阅读器-笔记框夜间三角形@3x.png */; };
		7779D4671D79534400E4EEF6 /* CursorView.m in Sources */ = {isa = PBXBuildFile; fileRef = 7779D41C1D79534400E4EEF6 /* CursorView.m */; };
		7779D4681D79534400E4EEF6 /* EnterNotesView.m in Sources */ = {isa = PBXBuildFile; fileRef = 7779D41E1D79534400E4EEF6 /* EnterNotesView.m */; };
		7779D4691D79534400E4EEF6 /* InputTextView.m in Sources */ = {isa = PBXBuildFile; fileRef = 7779D4201D79534400E4EEF6 /* InputTextView.m */; };
		7779D46A1D79534400E4EEF6 /* MagnifyingGlassView.m in Sources */ = {isa = PBXBuildFile; fileRef = 7779D4221D79534400E4EEF6 /* MagnifyingGlassView.m */; };
		7779D46B1D79534400E4EEF6 /* NoteContentButton.m in Sources */ = {isa = PBXBuildFile; fileRef = 7779D4241D79534400E4EEF6 /* NoteContentButton.m */; };
		7779D46C1D79534400E4EEF6 /* NotesMenuView.m in Sources */ = {isa = PBXBuildFile; fileRef = 7779D4261D79534400E4EEF6 /* NotesMenuView.m */; };
		7779D46D1D79534400E4EEF6 /* AnimationViewController.m in Sources */ = {isa = PBXBuildFile; fileRef = 7779D4291D79534400E4EEF6 /* AnimationViewController.m */; };
		7779D46E1D79534400E4EEF6 /* BackViewController.m in Sources */ = {isa = PBXBuildFile; fileRef = 7779D42B1D79534400E4EEF6 /* BackViewController.m */; };
		7779D46F1D79534400E4EEF6 /* KeepOutViewController.m in Sources */ = {isa = PBXBuildFile; fileRef = 7779D42D1D79534400E4EEF6 /* KeepOutViewController.m */; };
		7779D4701D79534400E4EEF6 /* NoAnimationViewController.m in Sources */ = {isa = PBXBuildFile; fileRef = 7779D42F1D79534400E4EEF6 /* NoAnimationViewController.m */; };
		7779D4711D79534400E4EEF6 /* PageAnimationViewController.m in Sources */ = {isa = PBXBuildFile; fileRef = 7779D4311D79534400E4EEF6 /* PageAnimationViewController.m */; };
		7779D4721D79534400E4EEF6 /* SlidingViewController.m in Sources */ = {isa = PBXBuildFile; fileRef = 7779D4331D79534400E4EEF6 /* SlidingViewController.m */; };
		7779D4731D79534400E4EEF6 /* PageGenerationManager.m in Sources */ = {isa = PBXBuildFile; fileRef = 7779D4351D79534400E4EEF6 /* PageGenerationManager.m */; };
		7779D4741D79534400E4EEF6 /* PageGenerationFooter.m in Sources */ = {isa = PBXBuildFile; fileRef = 7779D4381D79534400E4EEF6 /* PageGenerationFooter.m */; };
		7779D4751D79534400E4EEF6 /* PageGenerationHeader.m in Sources */ = {isa = PBXBuildFile; fileRef = 7779D43A1D79534400E4EEF6 /* PageGenerationHeader.m */; };
		7779D4761D79534400E4EEF6 /* ReaderView.m in Sources */ = {isa = PBXBuildFile; fileRef = 7779D43C1D79534400E4EEF6 /* ReaderView.m */; };
		7779D4771D79534400E4EEF6 /* ReaderViewController.m in Sources */ = {isa = PBXBuildFile; fileRef = 7779D43E1D79534400E4EEF6 /* ReaderViewController.m */; };
		7779D4781D79534400E4EEF6 /* FormatString.m in Sources */ = {isa = PBXBuildFile; fileRef = 7779D4411D79534400E4EEF6 /* FormatString.m */; };
		7779D4791D79534400E4EEF6 /* Paging.mm in Sources */ = {isa = PBXBuildFile; fileRef = 7779D4431D79534400E4EEF6 /* Paging.mm */; };
		7779D47D1D79558100E4EEF6 /* 主题色1.png in Resources */ = {isa = PBXBuildFile; fileRef = 7779D47A1D79558100E4EEF6 /* 主题色1.png */; };
		7779D47E1D79558100E4EEF6 /* 主题色1@2x.png in Resources */ = {isa = PBXBuildFile; fileRef = 7779D47B1D79558100E4EEF6 /* 主题色1@2x.png */; };
		7779D47F1D79558100E4EEF6 /* 主题色1@3x.png in Resources */ = {isa = PBXBuildFile; fileRef = 7779D47C1D79558100E4EEF6 /* 主题色1@3x.png */; };
		7779D4811D79594800E4EEF6 /* 411054 in Resources */ = {isa = PBXBuildFile; fileRef = 7779D4801D79594800E4EEF6 /* 411054 */; };
/* End PBXBuildFile section */

/* Begin PBXFileReference section */
		7779D3D41D79528100E4EEF6 /* ReadEngine.app */ = {isa = PBXFileReference; explicitFileType = wrapper.application; includeInIndex = 0; path = ReadEngine.app; sourceTree = BUILT_PRODUCTS_DIR; };
		7779D3D81D79528100E4EEF6 /* main.m */ = {isa = PBXFileReference; lastKnownFileType = sourcecode.c.objc; path = main.m; sourceTree = "<group>"; };
		7779D3DA1D79528100E4EEF6 /* AppDelegate.h */ = {isa = PBXFileReference; lastKnownFileType = sourcecode.c.h; path = AppDelegate.h; sourceTree = "<group>"; };
		7779D3DB1D79528100E4EEF6 /* AppDelegate.m */ = {isa = PBXFileReference; lastKnownFileType = sourcecode.c.objc; path = AppDelegate.m; sourceTree = "<group>"; };
		7779D3DD1D79528100E4EEF6 /* ViewController.h */ = {isa = PBXFileReference; lastKnownFileType = sourcecode.c.h; path = ViewController.h; sourceTree = "<group>"; };
		7779D3DE1D79528100E4EEF6 /* ViewController.m */ = {isa = PBXFileReference; lastKnownFileType = sourcecode.c.objc; path = ViewController.m; sourceTree = "<group>"; };
		7779D3E11D79528100E4EEF6 /* Base */ = {isa = PBXFileReference; lastKnownFileType = file.storyboard; name = Base; path = Base.lproj/Main.storyboard; sourceTree = "<group>"; };
		7779D3E41D79528100E4EEF6 /* ReadEngine.xcdatamodel */ = {isa = PBXFileReference; lastKnownFileType = wrapper.xcdatamodel; path = ReadEngine.xcdatamodel; sourceTree = "<group>"; };
		7779D3E61D79528100E4EEF6 /* Assets.xcassets */ = {isa = PBXFileReference; lastKnownFileType = folder.assetcatalog; path = Assets.xcassets; sourceTree = "<group>"; };
		7779D3E91D79528100E4EEF6 /* Base */ = {isa = PBXFileReference; lastKnownFileType = file.storyboard; name = Base; path = Base.lproj/LaunchScreen.storyboard; sourceTree = "<group>"; };
		7779D3EB1D79528100E4EEF6 /* Info.plist */ = {isa = PBXFileReference; lastKnownFileType = text.plist.xml; path = Info.plist; sourceTree = "<group>"; };
		7779D3F31D79534400E4EEF6 /* AutomaticReadingViewController.h */ = {isa = PBXFileReference; fileEncoding = 4; lastKnownFileType = sourcecode.c.h; path = AutomaticReadingViewController.h; sourceTree = "<group>"; };
		7779D3F41D79534400E4EEF6 /* AutomaticReadingViewController.m */ = {isa = PBXFileReference; fileEncoding = 4; lastKnownFileType = sourcecode.c.objc; path = AutomaticReadingViewController.m; sourceTree = "<group>"; };
		7779D3F51D79534400E4EEF6 /* CoverPatternsViewController.h */ = {isa = PBXFileReference; fileEncoding = 4; lastKnownFileType = sourcecode.c.h; path = CoverPatternsViewController.h; sourceTree = "<group>"; };
		7779D3F61D79534400E4EEF6 /* CoverPatternsViewController.m */ = {isa = PBXFileReference; fileEncoding = 4; lastKnownFileType = sourcecode.c.objc; path = CoverPatternsViewController.m; sourceTree = "<group>"; };
		7779D3F71D79534400E4EEF6 /* ScrollModeViewController.h */ = {isa = PBXFileReference; fileEncoding = 4; lastKnownFileType = sourcecode.c.h; path = ScrollModeViewController.h; sourceTree = "<group>"; };
		7779D3F81D79534400E4EEF6 /* ScrollModeViewController.m */ = {isa = PBXFileReference; fileEncoding = 4; lastKnownFileType = sourcecode.c.objc; path = ScrollModeViewController.m; sourceTree = "<group>"; };
		7779D3FA1D79534400E4EEF6 /* r_drag-dot@2x.png */ = {isa = PBXFileReference; lastKnownFileType = image.png; path = "r_drag-dot@2x.png"; sourceTree = "<group>"; };
		7779D3FB1D79534400E4EEF6 /* 三角形.png */ = {isa = PBXFileReference; lastKnownFileType = image.png; path = "三角形.png"; sourceTree = "<group>"; };
		7779D3FC1D79534400E4EEF6 /* 三角形@2x.png */ = {isa = PBXFileReference; lastKnownFileType = image.png; path = "三角形@2x.png"; sourceTree = "<group>"; };
		7779D3FD1D79534400E4EEF6 /* 三角形@3x.png */ = {isa = PBXFileReference; lastKnownFileType = image.png; path = "三角形@3x.png"; sourceTree = "<group>"; };
		7779D3FE1D79534400E4EEF6 /* 删除.png */ = {isa = PBXFileReference; lastKnownFileType = image.png; path = "删除.png"; sourceTree = "<group>"; };
		7779D3FF1D79534400E4EEF6 /* 删除@2x.png */ = {isa = PBXFileReference; lastKnownFileType = image.png; path = "删除@2x.png"; sourceTree = "<group>"; };
		7779D4001D79534400E4EEF6 /* 删除@3x.png */ = {isa = PBXFileReference; lastKnownFileType = image.png; path = "删除@3x.png"; sourceTree = "<group>"; };
		7779D4011D79534400E4EEF6 /* 复制.png */ = {isa = PBXFileReference; lastKnownFileType = image.png; path = "复制.png"; sourceTree = "<group>"; };
		7779D4021D79534400E4EEF6 /* 复制@2x.png */ = {isa = PBXFileReference; lastKnownFileType = image.png; path = "复制@2x.png"; sourceTree = "<group>"; };
		7779D4031D79534400E4EEF6 /* 复制@3x.png */ = {isa = PBXFileReference; lastKnownFileType = image.png; path = "复制@3x.png"; sourceTree = "<group>"; };
		7779D4041D79534400E4EEF6 /* 夜间背景色.png */ = {isa = PBXFileReference; lastKnownFileType = image.png; path = "夜间背景色.png"; sourceTree = "<group>"; };
		7779D4051D79534400E4EEF6 /* 夜间背景色@2x.png */ = {isa = PBXFileReference; lastKnownFileType = image.png; path = "夜间背景色@2x.png"; sourceTree = "<group>"; };
		7779D4061D79534400E4EEF6 /* 夜间背景色@3x.png */ = {isa = PBXFileReference; lastKnownFileType = image.png; path = "夜间背景色@3x.png"; sourceTree = "<group>"; };
		7779D4071D79534400E4EEF6 /* 扫描线.png */ = {isa = PBXFileReference; lastKnownFileType = image.png; path = "扫描线.png"; sourceTree = "<group>"; };
		7779D4081D79534400E4EEF6 /* 扫描线@2x.png */ = {isa = PBXFileReference; lastKnownFileType = image.png; path = "扫描线@2x.png"; sourceTree = "<group>"; };
		7779D4091D79534400E4EEF6 /* 扫描线@3x.png */ = {isa = PBXFileReference; lastKnownFileType = image.png; path = "扫描线@3x.png"; sourceTree = "<group>"; };
		7779D40A1D79534400E4EEF6 /* 电池.png */ = {isa = PBXFileReference; lastKnownFileType = image.png; path = "电池.png"; sourceTree = "<group>"; };
		7779D40B1D79534400E4EEF6 /* 电池@2x.png */ = {isa = PBXFileReference; lastKnownFileType = image.png; path = "电池@2x.png"; sourceTree = "<group>"; };
		7779D40C1D79534400E4EEF6 /* 电池@3x.png */ = {isa = PBXFileReference; lastKnownFileType = image.png; path = "电池@3x.png"; sourceTree = "<group>"; };
		7779D40D1D79534400E4EEF6 /* 笔记.png */ = {isa = PBXFileReference; lastKnownFileType = image.png; path = "笔记.png"; sourceTree = "<group>"; };
		7779D40E1D79534400E4EEF6 /* 笔记@2x.png */ = {isa = PBXFileReference; lastKnownFileType = image.png; path = "笔记@2x.png"; sourceTree = "<group>"; };
		7779D40F1D79534400E4EEF6 /* 笔记@3x.png */ = {isa = PBXFileReference; lastKnownFileType = image.png; path = "笔记@3x.png"; sourceTree = "<group>"; };
		7779D4101D79534400E4EEF6 /* 笔记标志三点.png */ = {isa = PBXFileReference; lastKnownFileType = image.png; path = "笔记标志三点.png"; sourceTree = "<group>"; };
		7779D4111D79534400E4EEF6 /* 笔记标志三点@2x.png */ = {isa = PBXFileReference; lastKnownFileType = image.png; path = "笔记标志三点@2x.png"; sourceTree = "<group>"; };
		7779D4121D79534400E4EEF6 /* 笔记标志三点@3x.png */ = {isa = PBXFileReference; lastKnownFileType = image.png; path = "笔记标志三点@3x.png"; sourceTree = "<group>"; };
		7779D4131D79534400E4EEF6 /* 羊皮纸.png */ = {isa = PBXFileReference; lastKnownFileType = image.png; path = "羊皮纸.png"; sourceTree = "<group>"; };
		7779D4141D79534400E4EEF6 /* 阅读器-笔记框三角形.png */ = {isa = PBXFileReference; lastKnownFileType = image.png; path = "阅读器-笔记框三角形.png"; sourceTree = "<group>"; };
		7779D4151D79534400E4EEF6 /* 阅读器-笔记框三角形@2x.png */ = {isa = PBXFileReference; lastKnownFileType = image.png; path = "阅读器-笔记框三角形@2x.png"; sourceTree = "<group>"; };
		7779D4161D79534400E4EEF6 /* 阅读器-笔记框三角形@3x.png */ = {isa = PBXFileReference; lastKnownFileType = image.png; path = "阅读器-笔记框三角形@3x.png"; sourceTree = "<group>"; };
		7779D4171D79534400E4EEF6 /* 阅读器-笔记框夜间三角形.png */ = {isa = PBXFileReference; lastKnownFileType = image.png; path = "阅读器-笔记框夜间三角形.png"; sourceTree = "<group>"; };
		7779D4181D79534400E4EEF6 /* 阅读器-笔记框夜间三角形@2x.png */ = {isa = PBXFileReference; lastKnownFileType = image.png; path = "阅读器-笔记框夜间三角形@2x.png"; sourceTree = "<group>"; };
		7779D4191D79534400E4EEF6 /* 阅读器-笔记框夜间三角形@3x.png */ = {isa = PBXFileReference; lastKnownFileType = image.png; path = "阅读器-笔记框夜间三角形@3x.png"; sourceTree = "<group>"; };
		7779D41B1D79534400E4EEF6 /* CursorView.h */ = {isa = PBXFileReference; fileEncoding = 4; lastKnownFileType = sourcecode.c.h; path = CursorView.h; sourceTree = "<group>"; };
		7779D41C1D79534400E4EEF6 /* CursorView.m */ = {isa = PBXFileReference; fileEncoding = 4; lastKnownFileType = sourcecode.c.objc; path = CursorView.m; sourceTree = "<group>"; };
		7779D41D1D79534400E4EEF6 /* EnterNotesView.h */ = {isa = PBXFileReference; fileEncoding = 4; lastKnownFileType = sourcecode.c.h; path = EnterNotesView.h; sourceTree = "<group>"; };
		7779D41E1D79534400E4EEF6 /* EnterNotesView.m */ = {isa = PBXFileReference; fileEncoding = 4; lastKnownFileType = sourcecode.c.objc; path = EnterNotesView.m; sourceTree = "<group>"; };
		7779D41F1D79534400E4EEF6 /* InputTextView.h */ = {isa = PBXFileReference; fileEncoding = 4; lastKnownFileType = sourcecode.c.h; path = InputTextView.h; sourceTree = "<group>"; };
		7779D4201D79534400E4EEF6 /* InputTextView.m */ = {isa = PBXFileReference; fileEncoding = 4; lastKnownFileType = sourcecode.c.objc; path = InputTextView.m; sourceTree = "<group>"; };
		7779D4211D79534400E4EEF6 /* MagnifyingGlassView.h */ = {isa = PBXFileReference; fileEncoding = 4; lastKnownFileType = sourcecode.c.h; path = MagnifyingGlassView.h; sourceTree = "<group>"; };
		7779D4221D79534400E4EEF6 /* MagnifyingGlassView.m */ = {isa = PBXFileReference; fileEncoding = 4; lastKnownFileType = sourcecode.c.objc; path = MagnifyingGlassView.m; sourceTree = "<group>"; };
		7779D4231D79534400E4EEF6 /* NoteContentButton.h */ = {isa = PBXFileReference; fileEncoding = 4; lastKnownFileType = sourcecode.c.h; path = NoteContentButton.h; sourceTree = "<group>"; };
		7779D4241D79534400E4EEF6 /* NoteContentButton.m */ = {isa = PBXFileReference; fileEncoding = 4; lastKnownFileType = sourcecode.c.objc; path = NoteContentButton.m; sourceTree = "<group>"; };
		7779D4251D79534400E4EEF6 /* NotesMenuView.h */ = {isa = PBXFileReference; fileEncoding = 4; lastKnownFileType = sourcecode.c.h; path = NotesMenuView.h; sourceTree = "<group>"; };
		7779D4261D79534400E4EEF6 /* NotesMenuView.m */ = {isa = PBXFileReference; fileEncoding = 4; lastKnownFileType = sourcecode.c.objc; path = NotesMenuView.m; sourceTree = "<group>"; };
		7779D4281D79534400E4EEF6 /* AnimationViewController.h */ = {isa = PBXFileReference; fileEncoding = 4; lastKnownFileType = sourcecode.c.h; path = AnimationViewController.h; sourceTree = "<group>"; };
		7779D4291D79534400E4EEF6 /* AnimationViewController.m */ = {isa = PBXFileReference; fileEncoding = 4; lastKnownFileType = sourcecode.c.objc; path = AnimationViewController.m; sourceTree = "<group>"; };
		7779D42A1D79534400E4EEF6 /* BackViewController.h */ = {isa = PBXFileReference; fileEncoding = 4; lastKnownFileType = sourcecode.c.h; path = BackViewController.h; sourceTree = "<group>"; };
		7779D42B1D79534400E4EEF6 /* BackViewController.m */ = {isa = PBXFileReference; fileEncoding = 4; lastKnownFileType = sourcecode.c.objc; path = BackViewController.m; sourceTree = "<group>"; };
		7779D42C1D79534400E4EEF6 /* KeepOutViewController.h */ = {isa = PBXFileReference; fileEncoding = 4; lastKnownFileType = sourcecode.c.h; path = KeepOutViewController.h; sourceTree = "<group>"; };
		7779D42D1D79534400E4EEF6 /* KeepOutViewController.m */ = {isa = PBXFileReference; fileEncoding = 4; lastKnownFileType = sourcecode.c.objc; path = KeepOutViewController.m; sourceTree = "<group>"; };
		7779D42E1D79534400E4EEF6 /* NoAnimationViewController.h */ = {isa = PBXFileReference; fileEncoding = 4; lastKnownFileType = sourcecode.c.h; path = NoAnimationViewController.h; sourceTree = "<group>"; };
		7779D42F1D79534400E4EEF6 /* NoAnimationViewController.m */ = {isa = PBXFileReference; fileEncoding = 4; lastKnownFileType = sourcecode.c.objc; path = NoAnimationViewController.m; sourceTree = "<group>"; };
		7779D4301D79534400E4EEF6 /* PageAnimationViewController.h */ = {isa = PBXFileReference; fileEncoding = 4; lastKnownFileType = sourcecode.c.h; path = PageAnimationViewController.h; sourceTree = "<group>"; };
		7779D4311D79534400E4EEF6 /* PageAnimationViewController.m */ = {isa = PBXFileReference; fileEncoding = 4; lastKnownFileType = sourcecode.c.objc; path = PageAnimationViewController.m; sourceTree = "<group>"; };
		7779D4321D79534400E4EEF6 /* SlidingViewController.h */ = {isa = PBXFileReference; fileEncoding = 4; lastKnownFileType = sourcecode.c.h; path = SlidingViewController.h; sourceTree = "<group>"; };
		7779D4331D79534400E4EEF6 /* SlidingViewController.m */ = {isa = PBXFileReference; fileEncoding = 4; lastKnownFileType = sourcecode.c.objc; path = SlidingViewController.m; sourceTree = "<group>"; };
		7779D4341D79534400E4EEF6 /* PageGenerationManager.h */ = {isa = PBXFileReference; fileEncoding = 4; lastKnownFileType = sourcecode.c.h; path = PageGenerationManager.h; sourceTree = "<group>"; };
		7779D4351D79534400E4EEF6 /* PageGenerationManager.m */ = {isa = PBXFileReference; fileEncoding = 4; lastKnownFileType = sourcecode.c.objc; path = PageGenerationManager.m; sourceTree = "<group>"; };
		7779D4371D79534400E4EEF6 /* PageGenerationFooter.h */ = {isa = PBXFileReference; fileEncoding = 4; lastKnownFileType = sourcecode.c.h; path = PageGenerationFooter.h; sourceTree = "<group>"; };
		7779D4381D79534400E4EEF6 /* PageGenerationFooter.m */ = {isa = PBXFileReference; fileEncoding = 4; lastKnownFileType = sourcecode.c.objc; path = PageGenerationFooter.m; sourceTree = "<group>"; };
		7779D4391D79534400E4EEF6 /* PageGenerationHeader.h */ = {isa = PBXFileReference; fileEncoding = 4; lastKnownFileType = sourcecode.c.h; path = PageGenerationHeader.h; sourceTree = "<group>"; };
		7779D43A1D79534400E4EEF6 /* PageGenerationHeader.m */ = {isa = PBXFileReference; fileEncoding = 4; lastKnownFileType = sourcecode.c.objc; path = PageGenerationHeader.m; sourceTree = "<group>"; };
		7779D43B1D79534400E4EEF6 /* ReaderView.h */ = {isa = PBXFileReference; fileEncoding = 4; lastKnownFileType = sourcecode.c.h; path = ReaderView.h; sourceTree = "<group>"; };
		7779D43C1D79534400E4EEF6 /* ReaderView.m */ = {isa = PBXFileReference; fileEncoding = 4; lastKnownFileType = sourcecode.c.objc; path = ReaderView.m; sourceTree = "<group>"; };
		7779D43D1D79534400E4EEF6 /* ReaderViewController.h */ = {isa = PBXFileReference; fileEncoding = 4; lastKnownFileType = sourcecode.c.h; path = ReaderViewController.h; sourceTree = "<group>"; };
		7779D43E1D79534400E4EEF6 /* ReaderViewController.m */ = {isa = PBXFileReference; fileEncoding = 4; lastKnownFileType = sourcecode.c.objc; path = ReaderViewController.m; sourceTree = "<group>"; };
		7779D4401D79534400E4EEF6 /* FormatString.h */ = {isa = PBXFileReference; fileEncoding = 4; lastKnownFileType = sourcecode.c.h; path = FormatString.h; sourceTree = "<group>"; };
		7779D4411D79534400E4EEF6 /* FormatString.m */ = {isa = PBXFileReference; fileEncoding = 4; lastKnownFileType = sourcecode.c.objc; path = FormatString.m; sourceTree = "<group>"; };
		7779D4421D79534400E4EEF6 /* Paging.h */ = {isa = PBXFileReference; fileEncoding = 4; lastKnownFileType = sourcecode.c.h; path = Paging.h; sourceTree = "<group>"; };
		7779D4431D79534400E4EEF6 /* Paging.mm */ = {isa = PBXFileReference; fileEncoding = 4; lastKnownFileType = sourcecode.cpp.objcpp; path = Paging.mm; sourceTree = "<group>"; };
		7779D47A1D79558100E4EEF6 /* 主题色1.png */ = {isa = PBXFileReference; lastKnownFileType = image.png; path = "主题色1.png"; sourceTree = "<group>"; };
		7779D47B1D79558100E4EEF6 /* 主题色1@2x.png */ = {isa = PBXFileReference; lastKnownFileType = image.png; path = "主题色1@2x.png"; sourceTree = "<group>"; };
		7779D47C1D79558100E4EEF6 /* 主题色1@3x.png */ = {isa = PBXFileReference; lastKnownFileType = image.png; path = "主题色1@3x.png"; sourceTree = "<group>"; };
		7779D4801D79594800E4EEF6 /* 411054 */ = {isa = PBXFileReference; fileEncoding = 4; lastKnownFileType = text; path = 411054; sourceTree = "<group>"; };
/* End PBXFileReference section */

/* Begin PBXFrameworksBuildPhase section */
		7779D3D11D79528100E4EEF6 /* Frameworks */ = {
			isa = PBXFrameworksBuildPhase;
			buildActionMask = 2147483647;
			files = (
			);
			runOnlyForDeploymentPostprocessing = 0;
		};
/* End PBXFrameworksBuildPhase section */

/* Begin PBXGroup section */
		7779D3CB1D79528100E4EEF6 = {
			isa = PBXGroup;
			children = (
				7779D3D61D79528100E4EEF6 /* ReadEngine */,
				7779D3D51D79528100E4EEF6 /* Products */,
			);
			sourceTree = "<group>";
		};
		7779D3D51D79528100E4EEF6 /* Products */ = {
			isa = PBXGroup;
			children = (
				7779D3D41D79528100E4EEF6 /* ReadEngine.app */,
			);
			name = Products;
			sourceTree = "<group>";
		};
		7779D3D61D79528100E4EEF6 /* ReadEngine */ = {
			isa = PBXGroup;
			children = (
				7779D47A1D79558100E4EEF6 /* 主题色1.png */,
				7779D47B1D79558100E4EEF6 /* 主题色1@2x.png */,
				7779D47C1D79558100E4EEF6 /* 主题色1@3x.png */,
				7779D4801D79594800E4EEF6 /* 411054 */,
				7779D3F11D79534400E4EEF6 /* PageGenerationFramework */,
				7779D3DA1D79528100E4EEF6 /* AppDelegate.h */,
				7779D3DB1D79528100E4EEF6 /* AppDelegate.m */,
				7779D3DD1D79528100E4EEF6 /* ViewController.h */,
				7779D3DE1D79528100E4EEF6 /* ViewController.m */,
				7779D3E01D79528100E4EEF6 /* Main.storyboard */,
				7779D3E61D79528100E4EEF6 /* Assets.xcassets */,
				7779D3E81D79528100E4EEF6 /* LaunchScreen.storyboard */,
				7779D3EB1D79528100E4EEF6 /* Info.plist */,
				7779D3E31D79528100E4EEF6 /* ReadEngine.xcdatamodeld */,
				7779D3D71D79528100E4EEF6 /* Supporting Files */,
			);
			path = ReadEngine;
			sourceTree = "<group>";
		};
		7779D3D71D79528100E4EEF6 /* Supporting Files */ = {
			isa = PBXGroup;
			children = (
				7779D3D81D79528100E4EEF6 /* main.m */,
			);
			name = "Supporting Files";
			sourceTree = "<group>";
		};
		7779D3F11D79534400E4EEF6 /* PageGenerationFramework */ = {
			isa = PBXGroup;
			children = (
				7779D4341D79534400E4EEF6 /* PageGenerationManager.h */,
				7779D4351D79534400E4EEF6 /* PageGenerationManager.m */,
				7779D43D1D79534400E4EEF6 /* ReaderViewController.h */,
				7779D43E1D79534400E4EEF6 /* ReaderViewController.m */,
				7779D3F21D79534400E4EEF6 /* AutomaticReading */,
				7779D3F91D79534400E4EEF6 /* image */,
				7779D41A1D79534400E4EEF6 /* NotesClass */,
				7779D4271D79534400E4EEF6 /* PageAnimation (翻页动画) */,
				7779D4361D79534400E4EEF6 /* ReaderView */,
				7779D43F1D79534400E4EEF6 /* TXTParsing */,
			);
			path = PageGenerationFramework;
			sourceTree = "<group>";
		};
		7779D3F21D79534400E4EEF6 /* AutomaticReading */ = {
			isa = PBXGroup;
			children = (
				7779D3F31D79534400E4EEF6 /* AutomaticReadingViewController.h */,
				7779D3F41D79534400E4EEF6 /* AutomaticReadingViewController.m */,
				7779D3F51D79534400E4EEF6 /* CoverPatternsViewController.h */,
				7779D3F61D79534400E4EEF6 /* CoverPatternsViewController.m */,
				7779D3F71D79534400E4EEF6 /* ScrollModeViewController.h */,
				7779D3F81D79534400E4EEF6 /* ScrollModeViewController.m */,
			);
			path = AutomaticReading;
			sourceTree = "<group>";
		};
		7779D3F91D79534400E4EEF6 /* image */ = {
			isa = PBXGroup;
			children = (
				7779D3FA1D79534400E4EEF6 /* r_drag-dot@2x.png */,
				7779D3FB1D79534400E4EEF6 /* 三角形.png */,
				7779D3FC1D79534400E4EEF6 /* 三角形@2x.png */,
				7779D3FD1D79534400E4EEF6 /* 三角形@3x.png */,
				7779D3FE1D79534400E4EEF6 /* 删除.png */,
				7779D3FF1D79534400E4EEF6 /* 删除@2x.png */,
				7779D4001D79534400E4EEF6 /* 删除@3x.png */,
				7779D4011D79534400E4EEF6 /* 复制.png */,
				7779D4021D79534400E4EEF6 /* 复制@2x.png */,
				7779D4031D79534400E4EEF6 /* 复制@3x.png */,
				7779D4041D79534400E4EEF6 /* 夜间背景色.png */,
				7779D4051D79534400E4EEF6 /* 夜间背景色@2x.png */,
				7779D4061D79534400E4EEF6 /* 夜间背景色@3x.png */,
				7779D4071D79534400E4EEF6 /* 扫描线.png */,
				7779D4081D79534400E4EEF6 /* 扫描线@2x.png */,
				7779D4091D79534400E4EEF6 /* 扫描线@3x.png */,
				7779D40A1D79534400E4EEF6 /* 电池.png */,
				7779D40B1D79534400E4EEF6 /* 电池@2x.png */,
				7779D40C1D79534400E4EEF6 /* 电池@3x.png */,
				7779D40D1D79534400E4EEF6 /* 笔记.png */,
				7779D40E1D79534400E4EEF6 /* 笔记@2x.png */,
				7779D40F1D79534400E4EEF6 /* 笔记@3x.png */,
				7779D4101D79534400E4EEF6 /* 笔记标志三点.png */,
				7779D4111D79534400E4EEF6 /* 笔记标志三点@2x.png */,
				7779D4121D79534400E4EEF6 /* 笔记标志三点@3x.png */,
				7779D4131D79534400E4EEF6 /* 羊皮纸.png */,
				7779D4141D79534400E4EEF6 /* 阅读器-笔记框三角形.png */,
				7779D4151D79534400E4EEF6 /* 阅读器-笔记框三角形@2x.png */,
				7779D4161D79534400E4EEF6 /* 阅读器-笔记框三角形@3x.png */,
				7779D4171D79534400E4EEF6 /* 阅读器-笔记框夜间三角形.png */,
				7779D4181D79534400E4EEF6 /* 阅读器-笔记框夜间三角形@2x.png */,
				7779D4191D79534400E4EEF6 /* 阅读器-笔记框夜间三角形@3x.png */,
			);
			path = image;
			sourceTree = "<group>";
		};
		7779D41A1D79534400E4EEF6 /* NotesClass */ = {
			isa = PBXGroup;
			children = (
				7779D41B1D79534400E4EEF6 /* CursorView.h */,
				7779D41C1D79534400E4EEF6 /* CursorView.m */,
				7779D41D1D79534400E4EEF6 /* EnterNotesView.h */,
				7779D41E1D79534400E4EEF6 /* EnterNotesView.m */,
				7779D41F1D79534400E4EEF6 /* InputTextView.h */,
				7779D4201D79534400E4EEF6 /* InputTextView.m */,
				7779D4211D79534400E4EEF6 /* MagnifyingGlassView.h */,
				7779D4221D79534400E4EEF6 /* MagnifyingGlassView.m */,
				7779D4231D79534400E4EEF6 /* NoteContentButton.h */,
				7779D4241D79534400E4EEF6 /* NoteContentButton.m */,
				7779D4251D79534400E4EEF6 /* NotesMenuView.h */,
				7779D4261D79534400E4EEF6 /* NotesMenuView.m */,
			);
			path = NotesClass;
			sourceTree = "<group>";
		};
		7779D4271D79534400E4EEF6 /* PageAnimation (翻页动画) */ = {
			isa = PBXGroup;
			children = (
				7779D4281D79534400E4EEF6 /* AnimationViewController.h */,
				7779D4291D79534400E4EEF6 /* AnimationViewController.m */,
				7779D42A1D79534400E4EEF6 /* BackViewController.h */,
				7779D42B1D79534400E4EEF6 /* BackViewController.m */,
				7779D42C1D79534400E4EEF6 /* KeepOutViewController.h */,
				7779D42D1D79534400E4EEF6 /* KeepOutViewController.m */,
				7779D42E1D79534400E4EEF6 /* NoAnimationViewController.h */,
				7779D42F1D79534400E4EEF6 /* NoAnimationViewController.m */,
				7779D4301D79534400E4EEF6 /* PageAnimationViewController.h */,
				7779D4311D79534400E4EEF6 /* PageAnimationViewController.m */,
				7779D4321D79534400E4EEF6 /* SlidingViewController.h */,
				7779D4331D79534400E4EEF6 /* SlidingViewController.m */,
			);
			path = "PageAnimation (翻页动画)";
			sourceTree = "<group>";
		};
		7779D4361D79534400E4EEF6 /* ReaderView */ = {
			isa = PBXGroup;
			children = (
				7779D4371D79534400E4EEF6 /* PageGenerationFooter.h */,
				7779D4381D79534400E4EEF6 /* PageGenerationFooter.m */,
				7779D4391D79534400E4EEF6 /* PageGenerationHeader.h */,
				7779D43A1D79534400E4EEF6 /* PageGenerationHeader.m */,
				7779D43B1D79534400E4EEF6 /* ReaderView.h */,
				7779D43C1D79534400E4EEF6 /* ReaderView.m */,
			);
			path = ReaderView;
			sourceTree = "<group>";
		};
		7779D43F1D79534400E4EEF6 /* TXTParsing */ = {
			isa = PBXGroup;
			children = (
				7779D4401D79534400E4EEF6 /* FormatString.h */,
				7779D4411D79534400E4EEF6 /* FormatString.m */,
				7779D4421D79534400E4EEF6 /* Paging.h */,
				7779D4431D79534400E4EEF6 /* Paging.mm */,
			);
			path = TXTParsing;
			sourceTree = "<group>";
		};
/* End PBXGroup section */

/* Begin PBXNativeTarget section */
		7779D3D31D79528100E4EEF6 /* ReadEngine */ = {
			isa = PBXNativeTarget;
			buildConfigurationList = 7779D3EE1D79528100E4EEF6 /* Build configuration list for PBXNativeTarget "ReadEngine" */;
			buildPhases = (
				7779D3D01D79528100E4EEF6 /* Sources */,
				7779D3D11D79528100E4EEF6 /* Frameworks */,
				7779D3D21D79528100E4EEF6 /* Resources */,
			);
			buildRules = (
			);
			dependencies = (
			);
			name = ReadEngine;
			productName = ReadEngine;
			productReference = 7779D3D41D79528100E4EEF6 /* ReadEngine.app */;
			productType = "com.apple.product-type.application";
		};
/* End PBXNativeTarget section */

/* Begin PBXProject section */
		7779D3CC1D79528100E4EEF6 /* Project object */ = {
			isa = PBXProject;
			attributes = {
				LastUpgradeCheck = 0730;
				ORGANIZATIONNAME = XP;
				TargetAttributes = {
					7779D3D31D79528100E4EEF6 = {
						CreatedOnToolsVersion = 7.3.1;
					};
				};
			};
			buildConfigurationList = 7779D3CF1D79528100E4EEF6 /* Build configuration list for PBXProject "ReadEngine" */;
			compatibilityVersion = "Xcode 3.2";
			developmentRegion = English;
			hasScannedForEncodings = 0;
			knownRegions = (
				en,
				Base,
			);
			mainGroup = 7779D3CB1D79528100E4EEF6;
			productRefGroup = 7779D3D51D79528100E4EEF6 /* Products */;
			projectDirPath = "";
			projectRoot = "";
			targets = (
				7779D3D31D79528100E4EEF6 /* ReadEngine */,
			);
		};
/* End PBXProject section */

/* Begin PBXResourcesBuildPhase section */
		7779D3D21D79528100E4EEF6 /* Resources */ = {
			isa = PBXResourcesBuildPhase;
			buildActionMask = 2147483647;
			files = (
				7779D4581D79534400E4EEF6 /* 电池@2x.png in Resources */,
				7779D4521D79534400E4EEF6 /* 夜间背景色@2x.png in Resources */,
				7779D4491D79534400E4EEF6 /* 三角形@2x.png in Resources */,
				7779D4551D79534400E4EEF6 /* 扫描线@2x.png in Resources */,
				7779D4651D79534400E4EEF6 /* 阅读器-笔记框夜间三角形@2x.png in Resources */,
				7779D4511D79534400E4EEF6 /* 夜间背景色.png in Resources */,
				7779D44A1D79534400E4EEF6 /* 三角形@3x.png in Resources */,
				7779D44E1D79534400E4EEF6 /* 复制.png in Resources */,
				7779D4481D79534400E4EEF6 /* 三角形.png in Resources */,
				7779D4561D79534400E4EEF6 /* 扫描线@3x.png in Resources */,
				7779D4611D79534400E4EEF6 /* 阅读器-笔记框三角形.png in Resources */,
				7779D3EA1D79528100E4EEF6 /* LaunchScreen.storyboard in Resources */,
				7779D4631D79534400E4EEF6 /* 阅读器-笔记框三角形@3x.png in Resources */,
				7779D47D1D79558100E4EEF6 /* 主题色1.png in Resources */,
				7779D4661D79534400E4EEF6 /* 阅读器-笔记框夜间三角形@3x.png in Resources */,
				7779D45C1D79534400E4EEF6 /* 笔记@3x.png in Resources */,
				7779D45D1D79534400E4EEF6 /* 笔记标志三点.png in Resources */,
				7779D45B1D79534400E4EEF6 /* 笔记@2x.png in Resources */,
				7779D4541D79534400E4EEF6 /* 扫描线.png in Resources */,
				7779D45A1D79534400E4EEF6 /* 笔记.png in Resources */,
				7779D45F1D79534400E4EEF6 /* 笔记标志三点@3x.png in Resources */,
				7779D4571D79534400E4EEF6 /* 电池.png in Resources */,
				7779D4531D79534400E4EEF6 /* 夜间背景色@3x.png in Resources */,
				7779D4471D79534400E4EEF6 /* r_drag-dot@2x.png in Resources */,
				7779D4621D79534400E4EEF6 /* 阅读器-笔记框三角形@2x.png in Resources */,
				7779D44C1D79534400E4EEF6 /* 删除@2x.png in Resources */,
				7779D4811D79594800E4EEF6 /* 411054 in Resources */,
				7779D44B1D79534400E4EEF6 /* 删除.png in Resources */,
				7779D4501D79534400E4EEF6 /* 复制@3x.png in Resources */,
				7779D45E1D79534400E4EEF6 /* 笔记标志三点@2x.png in Resources */,
				7779D47F1D79558100E4EEF6 /* 主题色1@3x.png in Resources */,
				7779D4601D79534400E4EEF6 /* 羊皮纸.png in Resources */,
				7779D3E71D79528100E4EEF6 /* Assets.xcassets in Resources */,
				7779D47E1D79558100E4EEF6 /* 主题色1@2x.png in Resources */,
				7779D4641D79534400E4EEF6 /* 阅读器-笔记框夜间三角形.png in Resources */,
				7779D44F1D79534400E4EEF6 /* 复制@2x.png in Resources */,
				7779D3E21D79528100E4EEF6 /* Main.storyboard in Resources */,
				7779D4591D79534400E4EEF6 /* 电池@3x.png in Resources */,
				7779D44D1D79534400E4EEF6 /* 删除@3x.png in Resources */,
			);
			runOnlyForDeploymentPostprocessing = 0;
		};
/* End PBXResourcesBuildPhase section */

/* Begin PBXSourcesBuildPhase section */
		7779D3D01D79528100E4EEF6 /* Sources */ = {
			isa = PBXSourcesBuildPhase;
			buildActionMask = 2147483647;
			files = (
				7779D4711D79534400E4EEF6 /* PageAnimationViewController.m in Sources */,
				7779D4671D79534400E4EEF6 /* CursorView.m in Sources */,
				7779D3DF1D79528100E4EEF6 /* ViewController.m in Sources */,
				7779D4771D79534400E4EEF6 /* ReaderViewController.m in Sources */,
				7779D4451D79534400E4EEF6 /* CoverPatternsViewController.m in Sources */,
				7779D4791D79534400E4EEF6 /* Paging.mm in Sources */,
				7779D46B1D79534400E4EEF6 /* NoteContentButton.m in Sources */,
				7779D4681D79534400E4EEF6 /* EnterNotesView.m in Sources */,
				7779D46C1D79534400E4EEF6 /* NotesMenuView.m in Sources */,
				7779D46A1D79534400E4EEF6 /* MagnifyingGlassView.m in Sources */,
				7779D4691D79534400E4EEF6 /* InputTextView.m in Sources */,
				7779D3E51D79528100E4EEF6 /* ReadEngine.xcdatamodeld in Sources */,
				7779D4701D79534400E4EEF6 /* NoAnimationViewController.m in Sources */,
				7779D4751D79534400E4EEF6 /* PageGenerationHeader.m in Sources */,
				7779D46D1D79534400E4EEF6 /* AnimationViewController.m in Sources */,
				7779D3DC1D79528100E4EEF6 /* AppDelegate.m in Sources */,
				7779D4721D79534400E4EEF6 /* SlidingViewController.m in Sources */,
				7779D4461D79534400E4EEF6 /* ScrollModeViewController.m in Sources */,
				7779D46E1D79534400E4EEF6 /* BackViewController.m in Sources */,
				7779D4781D79534400E4EEF6 /* FormatString.m in Sources */,
				7779D4441D79534400E4EEF6 /* AutomaticReadingViewController.m in Sources */,
				7779D4741D79534400E4EEF6 /* PageGenerationFooter.m in Sources */,
				7779D4761D79534400E4EEF6 /* ReaderView.m in Sources */,
				7779D46F1D79534400E4EEF6 /* KeepOutViewController.m in Sources */,
				7779D4731D79534400E4EEF6 /* PageGenerationManager.m in Sources */,
				7779D3D91D79528100E4EEF6 /* main.m in Sources */,
			);
			runOnlyForDeploymentPostprocessing = 0;
		};
/* End PBXSourcesBuildPhase section */

/* Begin PBXVariantGroup section */
		7779D3E01D79528100E4EEF6 /* Main.storyboard */ = {
			isa = PBXVariantGroup;
			children = (
				7779D3E11D79528100E4EEF6 /* Base */,
			);
			name = Main.storyboard;
			sourceTree = "<group>";
		};
		7779D3E81D79528100E4EEF6 /* LaunchScreen.storyboard */ = {
			isa = PBXVariantGroup;
			children = (
				7779D3E91D79528100E4EEF6 /* Base */,
			);
			name = LaunchScreen.storyboard;
			sourceTree = "<group>";
		};
/* End PBXVariantGroup section */

/* Begin XCBuildConfiguration section */
		7779D3EC1D79528100E4EEF6 /* Debug */ = {
			isa = XCBuildConfiguration;
			buildSettings = {
				ALWAYS_SEARCH_USER_PATHS = NO;
				CLANG_ANALYZER_NONNULL = YES;
				CLANG_CXX_LANGUAGE_STANDARD = "gnu++0x";
				CLANG_CXX_LIBRARY = "libc++";
				CLANG_ENABLE_MODULES = YES;
				CLANG_ENABLE_OBJC_ARC = YES;
				CLANG_WARN_BOOL_CONVERSION = YES;
				CLANG_WARN_CONSTANT_CONVERSION = YES;
				CLANG_WARN_DIRECT_OBJC_ISA_USAGE = YES_ERROR;
				CLANG_WARN_EMPTY_BODY = YES;
				CLANG_WARN_ENUM_CONVERSION = YES;
				CLANG_WARN_INT_CONVERSION = YES;
				CLANG_WARN_OBJC_ROOT_CLASS = YES_ERROR;
				CLANG_WARN_UNREACHABLE_CODE = YES;
				CLANG_WARN__DUPLICATE_METHOD_MATCH = YES;
				"CODE_SIGN_IDENTITY[sdk=iphoneos*]" = "iPhone Developer";
				COPY_PHASE_STRIP = NO;
				DEBUG_INFORMATION_FORMAT = dwarf;
				ENABLE_STRICT_OBJC_MSGSEND = YES;
				ENABLE_TESTABILITY = YES;
				GCC_C_LANGUAGE_STANDARD = gnu99;
				GCC_DYNAMIC_NO_PIC = NO;
				GCC_NO_COMMON_BLOCKS = YES;
				GCC_OPTIMIZATION_LEVEL = 0;
				GCC_PREPROCESSOR_DEFINITIONS = (
					"DEBUG=1",
					"$(inherited)",
				);
				GCC_WARN_64_TO_32_BIT_CONVERSION = YES;
				GCC_WARN_ABOUT_RETURN_TYPE = YES_ERROR;
				GCC_WARN_UNDECLARED_SELECTOR = YES;
				GCC_WARN_UNINITIALIZED_AUTOS = YES_AGGRESSIVE;
				GCC_WARN_UNUSED_FUNCTION = YES;
				GCC_WARN_UNUSED_VARIABLE = YES;
				IPHONEOS_DEPLOYMENT_TARGET = 9.3;
				MTL_ENABLE_DEBUG_INFO = YES;
				ONLY_ACTIVE_ARCH = YES;
				SDKROOT = iphoneos;
			};
			name = Debug;
		};
		7779D3ED1D79528100E4EEF6 /* Release */ = {
			isa = XCBuildConfiguration;
			buildSettings = {
				ALWAYS_SEARCH_USER_PATHS = NO;
				CLANG_ANALYZER_NONNULL = YES;
				CLANG_CXX_LANGUAGE_STANDARD = "gnu++0x";
				CLANG_CXX_LIBRARY = "libc++";
				CLANG_ENABLE_MODULES = YES;
				CLANG_ENABLE_OBJC_ARC = YES;
				CLANG_WARN_BOOL_CONVERSION = YES;
				CLANG_WARN_CONSTANT_CONVERSION = YES;
				CLANG_WARN_DIRECT_OBJC_ISA_USAGE = YES_ERROR;
				CLANG_WARN_EMPTY_BODY = YES;
				CLANG_WARN_ENUM_CONVERSION = YES;
				CLANG_WARN_INT_CONVERSION = YES;
				CLANG_WARN_OBJC_ROOT_CLASS = YES_ERROR;
				CLANG_WARN_UNREACHABLE_CODE = YES;
				CLANG_WARN__DUPLICATE_METHOD_MATCH = YES;
				"CODE_SIGN_IDENTITY[sdk=iphoneos*]" = "iPhone Developer";
				COPY_PHASE_STRIP = NO;
				DEBUG_INFORMATION_FORMAT = "dwarf-with-dsym";
				ENABLE_NS_ASSERTIONS = NO;
				ENABLE_STRICT_OBJC_MSGSEND = YES;
				GCC_C_LANGUAGE_STANDARD = gnu99;
				GCC_NO_COMMON_BLOCKS = YES;
				GCC_WARN_64_TO_32_BIT_CONVERSION = YES;
				GCC_WARN_ABOUT_RETURN_TYPE = YES_ERROR;
				GCC_WARN_UNDECLARED_SELECTOR = YES;
				GCC_WARN_UNINITIALIZED_AUTOS = YES_AGGRESSIVE;
				GCC_WARN_UNUSED_FUNCTION = YES;
				GCC_WARN_UNUSED_VARIABLE = YES;
				IPHONEOS_DEPLOYMENT_TARGET = 9.3;
				MTL_ENABLE_DEBUG_INFO = NO;
				SDKROOT = iphoneos;
				VALIDATE_PRODUCT = YES;
			};
			name = Release;
		};
		7779D3EF1D79528100E4EEF6 /* Debug */ = {
			isa = XCBuildConfiguration;
			buildSettings = {
				ASSETCATALOG_COMPILER_APPICON_NAME = AppIcon;
				INFOPLIST_FILE = ReadEngine/Info.plist;
				IPHONEOS_DEPLOYMENT_TARGET = 8.0;
				LD_RUNPATH_SEARCH_PATHS = "$(inherited) @executable_path/Frameworks";
				PRODUCT_BUNDLE_IDENTIFIER = com.XP.readEngine.ReadEngine;
				PRODUCT_NAME = "$(TARGET_NAME)";
			};
			name = Debug;
		};
		7779D3F01D79528100E4EEF6 /* Release */ = {
			isa = XCBuildConfiguration;
			buildSettings = {
				ASSETCATALOG_COMPILER_APPICON_NAME = AppIcon;
				INFOPLIST_FILE = ReadEngine/Info.plist;
				IPHONEOS_DEPLOYMENT_TARGET = 8.0;
				LD_RUNPATH_SEARCH_PATHS = "$(inherited) @executable_path/Frameworks";
				PRODUCT_BUNDLE_IDENTIFIER = com.XP.readEngine.ReadEngine;
				PRODUCT_NAME = "$(TARGET_NAME)";
			};
			name = Release;
		};
/* End XCBuildConfiguration section */

/* Begin XCConfigurationList section */
		7779D3CF1D79528100E4EEF6 /* Build configuration list for PBXProject "ReadEngine" */ = {
			isa = XCConfigurationList;
			buildConfigurations = (
				7779D3EC1D79528100E4EEF6 /* Debug */,
				7779D3ED1D79528100E4EEF6 /* Release */,
			);
			defaultConfigurationIsVisible = 0;
			defaultConfigurationName = Release;
		};
		7779D3EE1D79528100E4EEF6 /* Build configuration list for PBXNativeTarget "ReadEngine" */ = {
			isa = XCConfigurationList;
			buildConfigurations = (
				7779D3EF1D79528100E4EEF6 /* Debug */,
				7779D3F01D79528100E4EEF6 /* Release */,
			);
			defaultConfigurationIsVisible = 0;
		};
/* End XCConfigurationList section */

/* Begin XCVersionGroup section */
		7779D3E31D79528100E4EEF6 /* ReadEngine.xcdatamodeld */ = {
			isa = XCVersionGroup;
			children = (
				7779D3E41D79528100E4EEF6 /* ReadEngine.xcdatamodel */,
			);
			currentVersion = 7779D3E41D79528100E4EEF6 /* ReadEngine.xcdatamodel */;
			path = ReadEngine.xcdatamodeld;
			sourceTree = "<group>";
			versionGroupType = wrapper.xcdatamodel;
		};
/* End XCVersionGroup section */
	};
	rootObject = 7779D3CC1D79528100E4EEF6 /* Project object */;
}
